{
  "object": {
    "pins": [
      {
        "package": "SwiftUIX",
        "repositoryURL": "https://github.com/SwiftUIX/SwiftUIX",
        "state": {
          "branch": "master",
          "revision": "ed1de4c5ba1d7074820a7f68c21224f4e07e0eca",
          "version": null
        }
      }
    ]
  },
  "version": 1
}
