PODS:
  - AloeStackView (1.0.1)
  - ColorCompatibility (1.0.0)
  - DifferenceKit (0.6.0):
    - DifferenceKit/Core (= 0.6.0)
    - DifferenceKit/UIKitExtension (= 0.6.0)
  - DifferenceKit/Core (0.6.0)
  - DifferenceKit/UIKitExtension (0.6.0):
    - DifferenceKit/Core
  - IQKeyboardManagerSwift (6.2.0)
  - Keys (1.0.1)
  - Mixpanel-swift (2.5.9):
    - Mixpanel-swift/Complete (= 2.5.9)
  - Mixpanel-swift/Complete (2.5.9)
  - ReactiveLists (0.3.0):
    - DifferenceKit (~> 0.6.0)
  - RxAtomic (4.4.0)
  - RxCocoa (4.4.0):
    - RxSwift (~> 4.0)
  - RxGesture (2.1.0):
    - RxCocoa (~> 4.4.0)
    - RxSwift (~> 4.4.0)
  - RxSwift (4.4.0):
    - RxAtomic (~> 4.4)
  - Sentry (4.3.1):
    - Sentry/Core (= 4.3.1)
  - Sentry/Core (4.3.1)

DEPENDENCIES:
  - AloeStackView (~> 1.0.1)
  - ColorCompatibility (~> 1.0.0)
  - IQKeyboardManagerSwift (~> 6.2.0)
  - Keys (from `Pods/CocoaPodsKeys`)
  - Mixpanel-swift (~> 2.5.9)
  - ReactiveLists (~> 0.3.0)
  - RxAtomic (~> 4.4.0)
  - RxCocoa (~> 4.4.0)
  - RxGesture (~> 2.1.0)
  - RxSwift (~> 4.4.0)
  - Sentry (~> 4.3.1)

SPEC REPOS:
  https://github.com/cocoapods/specs.git:
    - AloeStackView
    - ColorCompatibility
    - DifferenceKit
    - IQKeyboardManagerSwift
    - Mixpanel-swift
    - ReactiveLists
    - RxAtomic
    - RxCocoa
    - RxGesture
    - RxSwift
    - Sentry

EXTERNAL SOURCES:
  Keys:
    :path: Pods/CocoaPodsKeys

SPEC CHECKSUMS:
  AloeStackView: d22c006da4510db5e220968234174654b5ed6ea5
  ColorCompatibility: 2762fea4195ed88bfb15eeca3ca5de73bb4a9380
  DifferenceKit: 824ab6ecd2a20cc658071b2c0c071114cf91e4c9
  IQKeyboardManagerSwift: b07ccf9d8cafe993dcd6cb794eb4ba34611a0c4e
  Keys: a576f4c9c1c641ca913a959a9c62ed3f215a8de9
  Mixpanel-swift: 4a2e061c8b7a5000ed7f72d2a6196884b5de8b49
  ReactiveLists: 383c6720617abfb9bd47e8e612bfc13e1895eda5
  RxAtomic: eacf60db868c96bfd63320e28619fe29c179656f
  RxCocoa: df63ebf7b9a70d6b4eeea407ed5dd4efc8979749
  RxGesture: 7f6dfb45dbde06e618c24442d38493e3144f2c95
  RxSwift: 5976ecd04fc2fefd648827c23de5e11157faa973
  Sentry: 5267d493a398663538317e4dcc438c12c66202ed

PODFILE CHECKSUM: d36ae3fa752f11216cd5afb9f4fdab0d0df0dfd9

COCOAPODS: 1.5.3
