PODS:
  - AloeStackView (1.0.1)
  - DifferenceKit (1.1.5):
    - DifferenceKit/Core (= 1.1.5)
    - DifferenceKit/UIKitExtension (= 1.1.5)
  - DifferenceKit/Core (1.1.5)
  - DifferenceKit/UIKitExtension (1.1.5):
    - DifferenceKit/Core
  - IQKeyboardManagerSwift (6.5.4)
  - Keys (1.0.1)
  - Mixpanel-swift (2.5.9):
    - Mixpanel-swift/Complete (= 2.5.9)
  - Mixpanel-swift/Complete (2.5.9)
  - ReactiveLists (0.6.0):
    - DifferenceKit (~> 1.1.0)
  - Sentry (4.4.3):
    - Sentry/Core (= 4.4.3)
  - Sentry/Core (4.4.3)

DEPENDENCIES:
  - AloeStackView (~> 1.0.1)
  - IQKeyboardManagerSwift (~> 6.5.4)
  - Keys (from `Pods/CocoaPodsKeys`)
  - Mixpanel-swift (~> 2.5.9)
  - ReactiveLists (~> 0.6.0)
  - Sentry (~> 4.4.3)

SPEC REPOS:
  https://github.com/CocoaPods/Specs.git:
    - AloeStackView
    - DifferenceKit
    - IQKeyboardManagerSwift
    - Mixpanel-swift
    - ReactiveLists
    - Sentry

EXTERNAL SOURCES:
  Keys:
    :path: Pods/CocoaPodsKeys

SPEC CHECKSUMS:
  AloeStackView: d22c006da4510db5e220968234174654b5ed6ea5
  DifferenceKit: 516f12e336ed65a3a0665847b5c3cb5cad4bd4ea
  IQKeyboardManagerSwift: 2dde0fc70110e8eac7ccce2a46fdbec6a850b414
  Keys: a576f4c9c1c641ca913a959a9c62ed3f215a8de9
  Mixpanel-swift: 4a2e061c8b7a5000ed7f72d2a6196884b5de8b49
  ReactiveLists: 5fc279ea612365fe742a821ab5a0b5b20a69545b
  Sentry: 14bdd673870e8cf64932b149fad5bbbf39a9b390

PODFILE CHECKSUM: 0d20fc3d216e02b1b992bf61857d2173a6ecbf04

COCOAPODS: 1.8.3
