// !$*UTF8*$!
{
	archiveVersion = 1;
	classes = {
	};
	objectVersion = 50;
	objects = {

/* Begin PBXBuildFile section */
		24F467DEA7F7F3D844749670 /* libPods-CIFilter.ioTests.a in Frameworks */ = {isa = PBXBuildFile; fileRef = 0C48797878CD99B8CB9EA772 /* libPods-CIFilter.ioTests.a */; };
		5F31BFC0D3D97B3DB60EB532 /* libPods-CIFilter.io.a in Frameworks */ = {isa = PBXBuildFile; fileRef = A8DF7E2364B4EB94F6C83712 /* libPods-CIFilter.io.a */; };
		A116A0E0220B4CA9005DE07F /* UIColorUtilsTest.swift in Sources */ = {isa = PBXBuildFile; fileRef = A116A0DF220B4CA9005DE07F /* UIColorUtilsTest.swift */; };
		A119025B222B31B000FE27A3 /* UIImage+Utils.swift in Sources */ = {isa = PBXBuildFile; fileRef = A119025A222B31B000FE27A3 /* UIImage+Utils.swift */; };
		A11C522521968BB000045F2E /* FilterListViewController.swift in Sources */ = {isa = PBXBuildFile; fileRef = A11C522421968BB000045F2E /* FilterListViewController.swift */; };
		A128993921CFFF7000BEE395 /* ImageChooserView.swift in Sources */ = {isa = PBXBuildFile; fileRef = A128993821CFFF7000BEE395 /* ImageChooserView.swift */; };
		A128993D21D047BD00BEE395 /* FilterWorkshopParametersView.swift in Sources */ = {isa = PBXBuildFile; fileRef = A128993C21D047BD00BEE395 /* FilterWorkshopParametersView.swift */; };
		A128993F21D058B300BEE395 /* EitherView.swift in Sources */ = {isa = PBXBuildFile; fileRef = A128993E21D058B300BEE395 /* EitherView.swift */; };
		A128994121D18E6800BEE395 /* FilterWorkshopParameterView.swift in Sources */ = {isa = PBXBuildFile; fileRef = A128994021D18E6800BEE395 /* FilterWorkshopParameterView.swift */; };
		A128994321D1A56900BEE395 /* NumericSlider.swift in Sources */ = {isa = PBXBuildFile; fileRef = A128994221D1A56900BEE395 /* NumericSlider.swift */; };
		A128994521D40A3F00BEE395 /* FreeformNumberInput.swift in Sources */ = {isa = PBXBuildFile; fileRef = A128994421D40A3F00BEE395 /* FreeformNumberInput.swift */; };
		A128994721D41EAC00BEE395 /* AsyncFilterApplicator.swift in Sources */ = {isa = PBXBuildFile; fileRef = A128994621D41EAC00BEE395 /* AsyncFilterApplicator.swift */; };
		A128994C21DD477000BEE395 /* Colors.swift in Sources */ = {isa = PBXBuildFile; fileRef = A128994B21DD477000BEE395 /* Colors.swift */; };
		A128994E21DD479100BEE395 /* OutputImageActivityIndicatorView.swift in Sources */ = {isa = PBXBuildFile; fileRef = A128994D21DD479100BEE395 /* OutputImageActivityIndicatorView.swift */; };
		A128995021DD47D900BEE395 /* OutputImageNotGeneratedView.swift in Sources */ = {isa = PBXBuildFile; fileRef = A128994F21DD47D900BEE395 /* OutputImageNotGeneratedView.swift */; };
		A128995221DD6D4000BEE395 /* CwlMutex.swift in Sources */ = {isa = PBXBuildFile; fileRef = A128995121DD6D4000BEE395 /* CwlMutex.swift */; };
		A128995421DEE3C700BEE395 /* FilterApplicationIndicator.swift in Sources */ = {isa = PBXBuildFile; fileRef = A128995321DEE3C600BEE395 /* FilterApplicationIndicator.swift */; };
		A128995621DEE43800BEE395 /* ImageWorkshopConsoleMessageView.swift in Sources */ = {isa = PBXBuildFile; fileRef = A128995521DEE43800BEE395 /* ImageWorkshopConsoleMessageView.swift */; };
		A128995821DEE44F00BEE395 /* ImageWorkshopConsoleView.swift in Sources */ = {isa = PBXBuildFile; fileRef = A128995721DEE44F00BEE395 /* ImageWorkshopConsoleView.swift */; };
		A12B7AF122299D0C0084AAE6 /* ColorInputDragIndicatorView.swift in Sources */ = {isa = PBXBuildFile; fileRef = A12B7AF022299D0C0084AAE6 /* ColorInputDragIndicatorView.swift */; };
		A12B7AF3222AEDA20084AAE6 /* FilterApplicationExporter.swift in Sources */ = {isa = PBXBuildFile; fileRef = A12B7AF2222AEDA20084AAE6 /* FilterApplicationExporter.swift */; };
		A130BD7D21EC0D1F00E586F6 /* VectorInput.swift in Sources */ = {isa = PBXBuildFile; fileRef = A130BD7C21EC0D1F00E586F6 /* VectorInput.swift */; };
		A130BD7F21EFA22400E586F6 /* ColorInput.swift in Sources */ = {isa = PBXBuildFile; fileRef = A130BD7E21EFA22400E586F6 /* ColorInput.swift */; };
		A130BD8121F0EAC700E586F6 /* UIImageView+Utils.swift in Sources */ = {isa = PBXBuildFile; fileRef = A130BD8021F0EAC700E586F6 /* UIImageView+Utils.swift */; };
		A130BD8321F0F22400E586F6 /* CGPoint+Utils.swift in Sources */ = {isa = PBXBuildFile; fileRef = A130BD8221F0F22400E586F6 /* CGPoint+Utils.swift */; };
		A130BDF322068CCE00E586F6 /* BuiltInImage.swift in Sources */ = {isa = PBXBuildFile; fileRef = A130BDF222068CCE00E586F6 /* BuiltInImage.swift */; };
		A1707F66219A1A0A0010E007 /* FilterInfo.swift in Sources */ = {isa = PBXBuildFile; fileRef = A1707F65219A1A0A0010E007 /* FilterInfo.swift */; };
		A172BAC42221CCFB00182C56 /* ColorHexInput.swift in Sources */ = {isa = PBXBuildFile; fileRef = A172BAC32221CCFA00182C56 /* ColorHexInput.swift */; };
		A1A0D83521BC60BA0098168C /* FilterExampleProvider.swift in Sources */ = {isa = PBXBuildFile; fileRef = A1A0D83421BC60BA0098168C /* FilterExampleProvider.swift */; };
		A1A0D83721BC659B0098168C /* FilterDetailExampleHeaderView.swift in Sources */ = {isa = PBXBuildFile; fileRef = A1A0D83621BC659B0098168C /* FilterDetailExampleHeaderView.swift */; };
		A1A0D83A21BC67ED0098168C /* FilterWorkshopViewController.swift in Sources */ = {isa = PBXBuildFile; fileRef = A1A0D83921BC67ED0098168C /* FilterWorkshopViewController.swift */; };
		A1A0D83C21BEBD960098168C /* FilterWorkshopView.swift in Sources */ = {isa = PBXBuildFile; fileRef = A1A0D83B21BEBD960098168C /* FilterWorkshopView.swift */; };
		A1A0D83E21BEC1B90098168C /* ImageArtboardView.swift in Sources */ = {isa = PBXBuildFile; fileRef = A1A0D83D21BEC1B90098168C /* ImageArtboardView.swift */; };
		A1A0D84021C4AEAA0098168C /* FilterWorkshopContentView.swift in Sources */ = {isa = PBXBuildFile; fileRef = A1A0D83F21C4AEAA0098168C /* FilterWorkshopContentView.swift */; };
		A1C6621D2196818100826A2B /* AppDelegate.swift in Sources */ = {isa = PBXBuildFile; fileRef = A1C6621C2196818100826A2B /* AppDelegate.swift */; };
		A1C662242196818300826A2B /* Assets.xcassets in Resources */ = {isa = PBXBuildFile; fileRef = A1C662232196818300826A2B /* Assets.xcassets */; };
		A1C662272196818300826A2B /* LaunchScreen.storyboard in Resources */ = {isa = PBXBuildFile; fileRef = A1C662252196818300826A2B /* LaunchScreen.storyboard */; };
		A1D5A8AB21ADB31400257B5E /* FilterParameterInfo.swift in Sources */ = {isa = PBXBuildFile; fileRef = A1D5A8AA21ADB31400257B5E /* FilterParameterInfo.swift */; };
		A1D5A8AD21ADB33300257B5E /* FilterParameterType.swift in Sources */ = {isa = PBXBuildFile; fileRef = A1D5A8AC21ADB33300257B5E /* FilterParameterType.swift */; };
		A1D5A8AF21ADB38200257B5E /* CIVectorCodableWrapper.swift in Sources */ = {isa = PBXBuildFile; fileRef = A1D5A8AE21ADB38200257B5E /* CIVectorCodableWrapper.swift */; };
		A1D5A8B121ADB3A800257B5E /* FilterInfoConstructionError.swift in Sources */ = {isa = PBXBuildFile; fileRef = A1D5A8B021ADB3A800257B5E /* FilterInfoConstructionError.swift */; };
		A1D5A8B321ADB3C100257B5E /* Dictionary+Validation.swift in Sources */ = {isa = PBXBuildFile; fileRef = A1D5A8B221ADB3C100257B5E /* Dictionary+Validation.swift */; };
		A1D5A8B521ADB3ED00257B5E /* ParameterData.swift in Sources */ = {isa = PBXBuildFile; fileRef = A1D5A8B421ADB3ED00257B5E /* ParameterData.swift */; };
		A1D5A8B821AF034A00257B5E /* FilterCategoryHeaderView.swift in Sources */ = {isa = PBXBuildFile; fileRef = A1D5A8B721AF034A00257B5E /* FilterCategoryHeaderView.swift */; };
		A1D5A8BB21AF03F700257B5E /* Autolayout.swift in Sources */ = {isa = PBXBuildFile; fileRef = A1D5A8BA21AF03F700257B5E /* Autolayout.swift */; };
		A1D5A8BD21AF0E8D00257B5E /* FilterListNameView.swift in Sources */ = {isa = PBXBuildFile; fileRef = A1D5A8BC21AF0E8D00257B5E /* FilterListNameView.swift */; };
		A1D5A8BF21AF0F8200257B5E /* UIColor+Utils.swift in Sources */ = {isa = PBXBuildFile; fileRef = A1D5A8BE21AF0F8200257B5E /* UIColor+Utils.swift */; };
		A1D5A8C121AF107D00257B5E /* FilterListNameCell.swift in Sources */ = {isa = PBXBuildFile; fileRef = A1D5A8C021AF107D00257B5E /* FilterListNameCell.swift */; };
		A1D5A8C321B054A100257B5E /* SeparatorView.swift in Sources */ = {isa = PBXBuildFile; fileRef = A1D5A8C221B054A100257B5E /* SeparatorView.swift */; };
		A1D5A8C621B0FEB400257B5E /* FilterHeaderModel.swift in Sources */ = {isa = PBXBuildFile; fileRef = A1D5A8C521B0FEB400257B5E /* FilterHeaderModel.swift */; };
		A1D5A8C821B0FECF00257B5E /* FilterCellModel.swift in Sources */ = {isa = PBXBuildFile; fileRef = A1D5A8C721B0FECF00257B5E /* FilterCellModel.swift */; };
		A1D5A8CB21B48FDD00257B5E /* FilterDetailView.swift in Sources */ = {isa = PBXBuildFile; fileRef = A1D5A8CA21B48FDD00257B5E /* FilterDetailView.swift */; };
		A1D5A8CD21B4900400257B5E /* FilterDetailTitleView.swift in Sources */ = {isa = PBXBuildFile; fileRef = A1D5A8CC21B4900400257B5E /* FilterDetailTitleView.swift */; };
		A1D5A8CF21B493A200257B5E /* FilterDetailViewController.swift in Sources */ = {isa = PBXBuildFile; fileRef = A1D5A8CE21B493A200257B5E /* FilterDetailViewController.swift */; };
		A1D5A8D121B49E5400257B5E /* FilterAvailabilityView.swift in Sources */ = {isa = PBXBuildFile; fileRef = A1D5A8D021B49E5400257B5E /* FilterAvailabilityView.swift */; };
		A1D5A8D321B4A32100257B5E /* UIEdgeInsets+Utils.swift in Sources */ = {isa = PBXBuildFile; fileRef = A1D5A8D221B4A32100257B5E /* UIEdgeInsets+Utils.swift */; };
		A1D5A8D521B4A64A00257B5E /* UIStackView+Utils.swift in Sources */ = {isa = PBXBuildFile; fileRef = A1D5A8D421B4A64A00257B5E /* UIStackView+Utils.swift */; };
		A1D5A8D721B4A85A00257B5E /* FilterParameterView.swift in Sources */ = {isa = PBXBuildFile; fileRef = A1D5A8D621B4A85A00257B5E /* FilterParameterView.swift */; };
/* End PBXBuildFile section */

/* Begin PBXContainerItemProxy section */
		A116A0DA220B4C93005DE07F /* PBXContainerItemProxy */ = {
			isa = PBXContainerItemProxy;
			containerPortal = A1C662112196818100826A2B /* Project object */;
			proxyType = 1;
			remoteGlobalIDString = A1C662182196818100826A2B;
			remoteInfo = CIFilter.io;
		};
/* End PBXContainerItemProxy section */

/* Begin PBXFileReference section */
		08FBAE88B5103E03654DA7F2 /* Pods-CIFilter.io.debug.xcconfig */ = {isa = PBXFileReference; includeInIndex = 1; lastKnownFileType = text.xcconfig; name = "Pods-CIFilter.io.debug.xcconfig"; path = "Pods/Target Support Files/Pods-CIFilter.io/Pods-CIFilter.io.debug.xcconfig"; sourceTree = "<group>"; };
		0C48797878CD99B8CB9EA772 /* libPods-CIFilter.ioTests.a */ = {isa = PBXFileReference; explicitFileType = archive.ar; includeInIndex = 0; path = "libPods-CIFilter.ioTests.a"; sourceTree = BUILT_PRODUCTS_DIR; };
		6BC47CD1E0BB2EEB52DDF0D2 /* Pods-CIFilter.ioTests.release.xcconfig */ = {isa = PBXFileReference; includeInIndex = 1; lastKnownFileType = text.xcconfig; name = "Pods-CIFilter.ioTests.release.xcconfig"; path = "Pods/Target Support Files/Pods-CIFilter.ioTests/Pods-CIFilter.ioTests.release.xcconfig"; sourceTree = "<group>"; };
		A116A0D5220B4C93005DE07F /* CIFilter.ioTests.xctest */ = {isa = PBXFileReference; explicitFileType = wrapper.cfbundle; includeInIndex = 0; path = CIFilter.ioTests.xctest; sourceTree = BUILT_PRODUCTS_DIR; };
		A116A0D7220B4C93005DE07F /* CIFilter_ioTests.swift */ = {isa = PBXFileReference; lastKnownFileType = sourcecode.swift; path = CIFilter_ioTests.swift; sourceTree = "<group>"; };
		A116A0D9220B4C93005DE07F /* Info.plist */ = {isa = PBXFileReference; lastKnownFileType = text.plist.xml; path = Info.plist; sourceTree = "<group>"; };
		A116A0DF220B4CA9005DE07F /* UIColorUtilsTest.swift */ = {isa = PBXFileReference; lastKnownFileType = sourcecode.swift; path = UIColorUtilsTest.swift; sourceTree = "<group>"; };
		A119025A222B31B000FE27A3 /* UIImage+Utils.swift */ = {isa = PBXFileReference; lastKnownFileType = sourcecode.swift; path = "UIImage+Utils.swift"; sourceTree = "<group>"; };
		A11C522421968BB000045F2E /* FilterListViewController.swift */ = {isa = PBXFileReference; lastKnownFileType = sourcecode.swift; path = FilterListViewController.swift; sourceTree = "<group>"; };
		A128993821CFFF7000BEE395 /* ImageChooserView.swift */ = {isa = PBXFileReference; lastKnownFileType = sourcecode.swift; path = ImageChooserView.swift; sourceTree = "<group>"; };
		A128993C21D047BD00BEE395 /* FilterWorkshopParametersView.swift */ = {isa = PBXFileReference; lastKnownFileType = sourcecode.swift; path = FilterWorkshopParametersView.swift; sourceTree = "<group>"; };
		A128993E21D058B300BEE395 /* EitherView.swift */ = {isa = PBXFileReference; lastKnownFileType = sourcecode.swift; path = EitherView.swift; sourceTree = "<group>"; };
		A128994021D18E6800BEE395 /* FilterWorkshopParameterView.swift */ = {isa = PBXFileReference; lastKnownFileType = sourcecode.swift; path = FilterWorkshopParameterView.swift; sourceTree = "<group>"; };
		A128994221D1A56900BEE395 /* NumericSlider.swift */ = {isa = PBXFileReference; lastKnownFileType = sourcecode.swift; path = NumericSlider.swift; sourceTree = "<group>"; };
		A128994421D40A3F00BEE395 /* FreeformNumberInput.swift */ = {isa = PBXFileReference; lastKnownFileType = sourcecode.swift; path = FreeformNumberInput.swift; sourceTree = "<group>"; };
		A128994621D41EAC00BEE395 /* AsyncFilterApplicator.swift */ = {isa = PBXFileReference; lastKnownFileType = sourcecode.swift; path = AsyncFilterApplicator.swift; sourceTree = "<group>"; };
		A128994B21DD477000BEE395 /* Colors.swift */ = {isa = PBXFileReference; lastKnownFileType = sourcecode.swift; path = Colors.swift; sourceTree = "<group>"; };
		A128994D21DD479100BEE395 /* OutputImageActivityIndicatorView.swift */ = {isa = PBXFileReference; lastKnownFileType = sourcecode.swift; path = OutputImageActivityIndicatorView.swift; sourceTree = "<group>"; };
		A128994F21DD47D900BEE395 /* OutputImageNotGeneratedView.swift */ = {isa = PBXFileReference; lastKnownFileType = sourcecode.swift; path = OutputImageNotGeneratedView.swift; sourceTree = "<group>"; };
		A128995121DD6D4000BEE395 /* CwlMutex.swift */ = {isa = PBXFileReference; lastKnownFileType = sourcecode.swift; path = CwlMutex.swift; sourceTree = "<group>"; };
		A128995321DEE3C600BEE395 /* FilterApplicationIndicator.swift */ = {isa = PBXFileReference; lastKnownFileType = sourcecode.swift; path = FilterApplicationIndicator.swift; sourceTree = "<group>"; };
		A128995521DEE43800BEE395 /* ImageWorkshopConsoleMessageView.swift */ = {isa = PBXFileReference; lastKnownFileType = sourcecode.swift; path = ImageWorkshopConsoleMessageView.swift; sourceTree = "<group>"; };
		A128995721DEE44F00BEE395 /* ImageWorkshopConsoleView.swift */ = {isa = PBXFileReference; lastKnownFileType = sourcecode.swift; path = ImageWorkshopConsoleView.swift; sourceTree = "<group>"; };
		A12B7AF022299D0C0084AAE6 /* ColorInputDragIndicatorView.swift */ = {isa = PBXFileReference; lastKnownFileType = sourcecode.swift; path = ColorInputDragIndicatorView.swift; sourceTree = "<group>"; };
		A12B7AF2222AEDA20084AAE6 /* FilterApplicationExporter.swift */ = {isa = PBXFileReference; lastKnownFileType = sourcecode.swift; path = FilterApplicationExporter.swift; sourceTree = "<group>"; };
		A130BD7C21EC0D1F00E586F6 /* VectorInput.swift */ = {isa = PBXFileReference; lastKnownFileType = sourcecode.swift; path = VectorInput.swift; sourceTree = "<group>"; };
		A130BD7E21EFA22400E586F6 /* ColorInput.swift */ = {isa = PBXFileReference; lastKnownFileType = sourcecode.swift; path = ColorInput.swift; sourceTree = "<group>"; };
		A130BD8021F0EAC700E586F6 /* UIImageView+Utils.swift */ = {isa = PBXFileReference; lastKnownFileType = sourcecode.swift; path = "UIImageView+Utils.swift"; sourceTree = "<group>"; };
		A130BD8221F0F22400E586F6 /* CGPoint+Utils.swift */ = {isa = PBXFileReference; lastKnownFileType = sourcecode.swift; path = "CGPoint+Utils.swift"; sourceTree = "<group>"; };
		A130BDF222068CCE00E586F6 /* BuiltInImage.swift */ = {isa = PBXFileReference; lastKnownFileType = sourcecode.swift; path = BuiltInImage.swift; sourceTree = "<group>"; };
		A1707F65219A1A0A0010E007 /* FilterInfo.swift */ = {isa = PBXFileReference; lastKnownFileType = sourcecode.swift; path = FilterInfo.swift; sourceTree = "<group>"; };
		A172BAC32221CCFA00182C56 /* ColorHexInput.swift */ = {isa = PBXFileReference; fileEncoding = 4; lastKnownFileType = sourcecode.swift; path = ColorHexInput.swift; sourceTree = "<group>"; };
		A1A0D83421BC60BA0098168C /* FilterExampleProvider.swift */ = {isa = PBXFileReference; lastKnownFileType = sourcecode.swift; path = FilterExampleProvider.swift; sourceTree = "<group>"; };
		A1A0D83621BC659B0098168C /* FilterDetailExampleHeaderView.swift */ = {isa = PBXFileReference; lastKnownFileType = sourcecode.swift; path = FilterDetailExampleHeaderView.swift; sourceTree = "<group>"; };
		A1A0D83921BC67ED0098168C /* FilterWorkshopViewController.swift */ = {isa = PBXFileReference; lastKnownFileType = sourcecode.swift; path = FilterWorkshopViewController.swift; sourceTree = "<group>"; };
		A1A0D83B21BEBD960098168C /* FilterWorkshopView.swift */ = {isa = PBXFileReference; lastKnownFileType = sourcecode.swift; path = FilterWorkshopView.swift; sourceTree = "<group>"; };
		A1A0D83D21BEC1B90098168C /* ImageArtboardView.swift */ = {isa = PBXFileReference; lastKnownFileType = sourcecode.swift; path = ImageArtboardView.swift; sourceTree = "<group>"; };
		A1A0D83F21C4AEAA0098168C /* FilterWorkshopContentView.swift */ = {isa = PBXFileReference; lastKnownFileType = sourcecode.swift; path = FilterWorkshopContentView.swift; sourceTree = "<group>"; };
		A1C662192196818100826A2B /* CIFilter.io.app */ = {isa = PBXFileReference; explicitFileType = wrapper.application; includeInIndex = 0; path = CIFilter.io.app; sourceTree = BUILT_PRODUCTS_DIR; };
		A1C6621C2196818100826A2B /* AppDelegate.swift */ = {isa = PBXFileReference; lastKnownFileType = sourcecode.swift; path = AppDelegate.swift; sourceTree = "<group>"; };
		A1C662232196818300826A2B /* Assets.xcassets */ = {isa = PBXFileReference; lastKnownFileType = folder.assetcatalog; path = Assets.xcassets; sourceTree = "<group>"; };
		A1C662262196818300826A2B /* Base */ = {isa = PBXFileReference; lastKnownFileType = file.storyboard; name = Base; path = Base.lproj/LaunchScreen.storyboard; sourceTree = "<group>"; };
		A1C662282196818300826A2B /* Info.plist */ = {isa = PBXFileReference; lastKnownFileType = text.plist.xml; path = Info.plist; sourceTree = "<group>"; };
		A1D5A8AA21ADB31400257B5E /* FilterParameterInfo.swift */ = {isa = PBXFileReference; lastKnownFileType = sourcecode.swift; path = FilterParameterInfo.swift; sourceTree = "<group>"; };
		A1D5A8AC21ADB33300257B5E /* FilterParameterType.swift */ = {isa = PBXFileReference; lastKnownFileType = sourcecode.swift; path = FilterParameterType.swift; sourceTree = "<group>"; };
		A1D5A8AE21ADB38200257B5E /* CIVectorCodableWrapper.swift */ = {isa = PBXFileReference; lastKnownFileType = sourcecode.swift; path = CIVectorCodableWrapper.swift; sourceTree = "<group>"; };
		A1D5A8B021ADB3A800257B5E /* FilterInfoConstructionError.swift */ = {isa = PBXFileReference; lastKnownFileType = sourcecode.swift; path = FilterInfoConstructionError.swift; sourceTree = "<group>"; };
		A1D5A8B221ADB3C100257B5E /* Dictionary+Validation.swift */ = {isa = PBXFileReference; lastKnownFileType = sourcecode.swift; path = "Dictionary+Validation.swift"; sourceTree = "<group>"; };
		A1D5A8B421ADB3ED00257B5E /* ParameterData.swift */ = {isa = PBXFileReference; lastKnownFileType = sourcecode.swift; path = ParameterData.swift; sourceTree = "<group>"; };
		A1D5A8B721AF034A00257B5E /* FilterCategoryHeaderView.swift */ = {isa = PBXFileReference; lastKnownFileType = sourcecode.swift; path = FilterCategoryHeaderView.swift; sourceTree = "<group>"; };
		A1D5A8BA21AF03F700257B5E /* Autolayout.swift */ = {isa = PBXFileReference; lastKnownFileType = sourcecode.swift; path = Autolayout.swift; sourceTree = "<group>"; };
		A1D5A8BC21AF0E8D00257B5E /* FilterListNameView.swift */ = {isa = PBXFileReference; lastKnownFileType = sourcecode.swift; path = FilterListNameView.swift; sourceTree = "<group>"; };
		A1D5A8BE21AF0F8200257B5E /* UIColor+Utils.swift */ = {isa = PBXFileReference; lastKnownFileType = sourcecode.swift; path = "UIColor+Utils.swift"; sourceTree = "<group>"; };
		A1D5A8C021AF107D00257B5E /* FilterListNameCell.swift */ = {isa = PBXFileReference; lastKnownFileType = sourcecode.swift; path = FilterListNameCell.swift; sourceTree = "<group>"; };
		A1D5A8C221B054A100257B5E /* SeparatorView.swift */ = {isa = PBXFileReference; lastKnownFileType = sourcecode.swift; path = SeparatorView.swift; sourceTree = "<group>"; };
		A1D5A8C521B0FEB400257B5E /* FilterHeaderModel.swift */ = {isa = PBXFileReference; lastKnownFileType = sourcecode.swift; path = FilterHeaderModel.swift; sourceTree = "<group>"; };
		A1D5A8C721B0FECF00257B5E /* FilterCellModel.swift */ = {isa = PBXFileReference; lastKnownFileType = sourcecode.swift; path = FilterCellModel.swift; sourceTree = "<group>"; };
		A1D5A8CA21B48FDD00257B5E /* FilterDetailView.swift */ = {isa = PBXFileReference; lastKnownFileType = sourcecode.swift; path = FilterDetailView.swift; sourceTree = "<group>"; };
		A1D5A8CC21B4900400257B5E /* FilterDetailTitleView.swift */ = {isa = PBXFileReference; lastKnownFileType = sourcecode.swift; path = FilterDetailTitleView.swift; sourceTree = "<group>"; };
		A1D5A8CE21B493A200257B5E /* FilterDetailViewController.swift */ = {isa = PBXFileReference; lastKnownFileType = sourcecode.swift; path = FilterDetailViewController.swift; sourceTree = "<group>"; };
		A1D5A8D021B49E5400257B5E /* FilterAvailabilityView.swift */ = {isa = PBXFileReference; lastKnownFileType = sourcecode.swift; path = FilterAvailabilityView.swift; sourceTree = "<group>"; };
		A1D5A8D221B4A32100257B5E /* UIEdgeInsets+Utils.swift */ = {isa = PBXFileReference; lastKnownFileType = sourcecode.swift; path = "UIEdgeInsets+Utils.swift"; sourceTree = "<group>"; };
		A1D5A8D421B4A64A00257B5E /* UIStackView+Utils.swift */ = {isa = PBXFileReference; lastKnownFileType = sourcecode.swift; path = "UIStackView+Utils.swift"; sourceTree = "<group>"; };
		A1D5A8D621B4A85A00257B5E /* FilterParameterView.swift */ = {isa = PBXFileReference; lastKnownFileType = sourcecode.swift; path = FilterParameterView.swift; sourceTree = "<group>"; };
		A8DF7E2364B4EB94F6C83712 /* libPods-CIFilter.io.a */ = {isa = PBXFileReference; explicitFileType = archive.ar; includeInIndex = 0; path = "libPods-CIFilter.io.a"; sourceTree = BUILT_PRODUCTS_DIR; };
		F97FF4CF0C09C59DFDF3D2A3 /* Pods-CIFilter.io.release.xcconfig */ = {isa = PBXFileReference; includeInIndex = 1; lastKnownFileType = text.xcconfig; name = "Pods-CIFilter.io.release.xcconfig"; path = "Pods/Target Support Files/Pods-CIFilter.io/Pods-CIFilter.io.release.xcconfig"; sourceTree = "<group>"; };
		FE5D796C946C31D82424702D /* Pods-CIFilter.ioTests.debug.xcconfig */ = {isa = PBXFileReference; includeInIndex = 1; lastKnownFileType = text.xcconfig; name = "Pods-CIFilter.ioTests.debug.xcconfig"; path = "Pods/Target Support Files/Pods-CIFilter.ioTests/Pods-CIFilter.ioTests.debug.xcconfig"; sourceTree = "<group>"; };
/* End PBXFileReference section */

/* Begin PBXFrameworksBuildPhase section */
		A116A0D2220B4C93005DE07F /* Frameworks */ = {
			isa = PBXFrameworksBuildPhase;
			buildActionMask = 2147483647;
			files = (
				24F467DEA7F7F3D844749670 /* libPods-CIFilter.ioTests.a in Frameworks */,
			);
			runOnlyForDeploymentPostprocessing = 0;
		};
		A1C662162196818100826A2B /* Frameworks */ = {
			isa = PBXFrameworksBuildPhase;
			buildActionMask = 2147483647;
			files = (
				5F31BFC0D3D97B3DB60EB532 /* libPods-CIFilter.io.a in Frameworks */,
			);
			runOnlyForDeploymentPostprocessing = 0;
		};
/* End PBXFrameworksBuildPhase section */

/* Begin PBXGroup section */
		21F45C3D75D451327515769A /* Pods */ = {
			isa = PBXGroup;
			children = (
				08FBAE88B5103E03654DA7F2 /* Pods-CIFilter.io.debug.xcconfig */,
				F97FF4CF0C09C59DFDF3D2A3 /* Pods-CIFilter.io.release.xcconfig */,
				FE5D796C946C31D82424702D /* Pods-CIFilter.ioTests.debug.xcconfig */,
				6BC47CD1E0BB2EEB52DDF0D2 /* Pods-CIFilter.ioTests.release.xcconfig */,
			);
			name = Pods;
			sourceTree = "<group>";
		};
		521EE2C65F91622949C25D8A /* Frameworks */ = {
			isa = PBXGroup;
			children = (
				A8DF7E2364B4EB94F6C83712 /* libPods-CIFilter.io.a */,
				0C48797878CD99B8CB9EA772 /* libPods-CIFilter.ioTests.a */,
			);
			name = Frameworks;
			sourceTree = "<group>";
		};
		A116A0D6220B4C93005DE07F /* CIFilter.ioTests */ = {
			isa = PBXGroup;
			children = (
				A116A0D7220B4C93005DE07F /* CIFilter_ioTests.swift */,
				A116A0D9220B4C93005DE07F /* Info.plist */,
				A116A0DF220B4CA9005DE07F /* UIColorUtilsTest.swift */,
			);
			path = CIFilter.ioTests;
			sourceTree = "<group>";
		};
		A128994A21DD475900BEE395 /* Standard */ = {
			isa = PBXGroup;
			children = (
				A128994B21DD477000BEE395 /* Colors.swift */,
			);
			path = Standard;
			sourceTree = "<group>";
		};
		A1A0D83821BC67C60098168C /* Filter Workshop */ = {
			isa = PBXGroup;
			children = (
				A128994621D41EAC00BEE395 /* AsyncFilterApplicator.swift */,
				A130BDF222068CCE00E586F6 /* BuiltInImage.swift */,
				A172BAC32221CCFA00182C56 /* ColorHexInput.swift */,
				A130BD7E21EFA22400E586F6 /* ColorInput.swift */,
				A12B7AF022299D0C0084AAE6 /* ColorInputDragIndicatorView.swift */,
				A12B7AF2222AEDA20084AAE6 /* FilterApplicationExporter.swift */,
				A128995321DEE3C600BEE395 /* FilterApplicationIndicator.swift */,
				A1A0D83F21C4AEAA0098168C /* FilterWorkshopContentView.swift */,
				A128993C21D047BD00BEE395 /* FilterWorkshopParametersView.swift */,
				A128994021D18E6800BEE395 /* FilterWorkshopParameterView.swift */,
				A1A0D83B21BEBD960098168C /* FilterWorkshopView.swift */,
				A1A0D83921BC67ED0098168C /* FilterWorkshopViewController.swift */,
				A128994421D40A3F00BEE395 /* FreeformNumberInput.swift */,
				A1A0D83D21BEC1B90098168C /* ImageArtboardView.swift */,
				A128993821CFFF7000BEE395 /* ImageChooserView.swift */,
				A128995521DEE43800BEE395 /* ImageWorkshopConsoleMessageView.swift */,
				A128995721DEE44F00BEE395 /* ImageWorkshopConsoleView.swift */,
				A128994221D1A56900BEE395 /* NumericSlider.swift */,
				A128994D21DD479100BEE395 /* OutputImageActivityIndicatorView.swift */,
				A128994F21DD47D900BEE395 /* OutputImageNotGeneratedView.swift */,
				A130BD7C21EC0D1F00E586F6 /* VectorInput.swift */,
			);
			path = "Filter Workshop";
			sourceTree = "<group>";
		};
		A1C662102196818100826A2B = {
			isa = PBXGroup;
			children = (
				A1C6621B2196818100826A2B /* CIFilter.io */,
				A116A0D6220B4C93005DE07F /* CIFilter.ioTests */,
				521EE2C65F91622949C25D8A /* Frameworks */,
				21F45C3D75D451327515769A /* Pods */,
				A1C6621A2196818100826A2B /* Products */,
			);
			sourceTree = "<group>";
		};
		A1C6621A2196818100826A2B /* Products */ = {
			isa = PBXGroup;
			children = (
				A1C662192196818100826A2B /* CIFilter.io.app */,
				A116A0D5220B4C93005DE07F /* CIFilter.ioTests.xctest */,
			);
			name = Products;
			sourceTree = "<group>";
		};
		A1C6621B2196818100826A2B /* CIFilter.io */ = {
			isa = PBXGroup;
			children = (
				A1D5A8C921B48FB700257B5E /* Filter Detail */,
				A1D5A8A921ADB30300257B5E /* Filter Info */,
				A1D5A8B621AF033700257B5E /* Filter List */,
				A1A0D83821BC67C60098168C /* Filter Workshop */,
				A128994A21DD475900BEE395 /* Standard */,
				A1D5A8B921AF03ED00257B5E /* Utils */,
				A1C6621C2196818100826A2B /* AppDelegate.swift */,
				A1C662232196818300826A2B /* Assets.xcassets */,
				A1D5A8B221ADB3C100257B5E /* Dictionary+Validation.swift */,
				A1C662282196818300826A2B /* Info.plist */,
				A1C662252196818300826A2B /* LaunchScreen.storyboard */,
			);
			path = CIFilter.io;
			sourceTree = "<group>";
		};
		A1D5A8A921ADB30300257B5E /* Filter Info */ = {
			isa = PBXGroup;
			children = (
				A1D5A8AE21ADB38200257B5E /* CIVectorCodableWrapper.swift */,
				A1707F65219A1A0A0010E007 /* FilterInfo.swift */,
				A1D5A8B021ADB3A800257B5E /* FilterInfoConstructionError.swift */,
				A1D5A8AA21ADB31400257B5E /* FilterParameterInfo.swift */,
				A1D5A8AC21ADB33300257B5E /* FilterParameterType.swift */,
				A1D5A8B421ADB3ED00257B5E /* ParameterData.swift */,
			);
			path = "Filter Info";
			sourceTree = "<group>";
		};
		A1D5A8B621AF033700257B5E /* Filter List */ = {
			isa = PBXGroup;
			children = (
				A1D5A8C421B0FEA600257B5E /* Models */,
				A1D5A8B721AF034A00257B5E /* FilterCategoryHeaderView.swift */,
				A1D5A8C021AF107D00257B5E /* FilterListNameCell.swift */,
				A1D5A8BC21AF0E8D00257B5E /* FilterListNameView.swift */,
				A11C522421968BB000045F2E /* FilterListViewController.swift */,
			);
			path = "Filter List";
			sourceTree = "<group>";
		};
		A1D5A8B921AF03ED00257B5E /* Utils */ = {
			isa = PBXGroup;
			children = (
				A1D5A8BA21AF03F700257B5E /* Autolayout.swift */,
				A130BD8221F0F22400E586F6 /* CGPoint+Utils.swift */,
				A128995121DD6D4000BEE395 /* CwlMutex.swift */,
				A128993E21D058B300BEE395 /* EitherView.swift */,
				A1D5A8C221B054A100257B5E /* SeparatorView.swift */,
				A1D5A8BE21AF0F8200257B5E /* UIColor+Utils.swift */,
				A1D5A8D221B4A32100257B5E /* UIEdgeInsets+Utils.swift */,
				A119025A222B31B000FE27A3 /* UIImage+Utils.swift */,
				A130BD8021F0EAC700E586F6 /* UIImageView+Utils.swift */,
				A1D5A8D421B4A64A00257B5E /* UIStackView+Utils.swift */,
			);
			path = Utils;
			sourceTree = "<group>";
		};
		A1D5A8C421B0FEA600257B5E /* Models */ = {
			isa = PBXGroup;
			children = (
				A1D5A8C721B0FECF00257B5E /* FilterCellModel.swift */,
				A1D5A8C521B0FEB400257B5E /* FilterHeaderModel.swift */,
			);
			path = Models;
			sourceTree = "<group>";
		};
		A1D5A8C921B48FB700257B5E /* Filter Detail */ = {
			isa = PBXGroup;
			children = (
				A1D5A8D021B49E5400257B5E /* FilterAvailabilityView.swift */,
				A1A0D83621BC659B0098168C /* FilterDetailExampleHeaderView.swift */,
				A1D5A8CC21B4900400257B5E /* FilterDetailTitleView.swift */,
				A1D5A8CA21B48FDD00257B5E /* FilterDetailView.swift */,
				A1D5A8CE21B493A200257B5E /* FilterDetailViewController.swift */,
				A1A0D83421BC60BA0098168C /* FilterExampleProvider.swift */,
				A1D5A8D621B4A85A00257B5E /* FilterParameterView.swift */,
			);
			path = "Filter Detail";
			sourceTree = "<group>";
		};
/* End PBXGroup section */

/* Begin PBXNativeTarget section */
		A116A0D4220B4C93005DE07F /* CIFilter.ioTests */ = {
			isa = PBXNativeTarget;
			buildConfigurationList = A116A0DE220B4C93005DE07F /* Build configuration list for PBXNativeTarget "CIFilter.ioTests" */;
			buildPhases = (
				23B3E918299932C4122B4876 /* [CP] Check Pods Manifest.lock */,
				A116A0D1220B4C93005DE07F /* Sources */,
				A116A0D2220B4C93005DE07F /* Frameworks */,
				A116A0D3220B4C93005DE07F /* Resources */,
				000194CF983F7F92BA46EF66 /* [CP] Copy Pods Resources */,
			);
			buildRules = (
			);
			dependencies = (
				A116A0DB220B4C93005DE07F /* PBXTargetDependency */,
			);
			name = CIFilter.ioTests;
			productName = CIFilter.ioTests;
			productReference = A116A0D5220B4C93005DE07F /* CIFilter.ioTests.xctest */;
			productType = "com.apple.product-type.bundle.unit-test";
		};
		A1C662182196818100826A2B /* CIFilter.io */ = {
			isa = PBXNativeTarget;
			buildConfigurationList = A1C6622B2196818300826A2B /* Build configuration list for PBXNativeTarget "CIFilter.io" */;
			buildPhases = (
				4E0E2384EB43E66F70BFB7CE /* [CP] Check Pods Manifest.lock */,
				A1C662152196818100826A2B /* Sources */,
				A1C662162196818100826A2B /* Frameworks */,
				A1C662172196818100826A2B /* Resources */,
				A1D2225C1C26C1BC0C9CA081 /* [CP] Copy Pods Resources */,
				A12B7AF4222AF54B0084AAE6 /* ShellScript */,
			);
			buildRules = (
			);
			dependencies = (
			);
			name = CIFilter.io;
			productName = CIFilter.io;
			productReference = A1C662192196818100826A2B /* CIFilter.io.app */;
			productType = "com.apple.product-type.application";
		};
/* End PBXNativeTarget section */

/* Begin PBXProject section */
		A1C662112196818100826A2B /* Project object */ = {
			isa = PBXProject;
			attributes = {
				LastSwiftUpdateCheck = 1010;
				LastUpgradeCheck = 1000;
				ORGANIZATIONNAME = "Noah Gilmore";
				TargetAttributes = {
					A116A0D4220B4C93005DE07F = {
						CreatedOnToolsVersion = 10.1;
						TestTargetID = A1C662182196818100826A2B;
					};
					A1C662182196818100826A2B = {
						CreatedOnToolsVersion = 10.0;
					};
				};
			};
			buildConfigurationList = A1C662142196818100826A2B /* Build configuration list for PBXProject "CIFilter.io" */;
			compatibilityVersion = "Xcode 9.3";
			developmentRegion = en;
			hasScannedForEncodings = 0;
			knownRegions = (
				en,
				Base,
			);
			mainGroup = A1C662102196818100826A2B;
			productRefGroup = A1C6621A2196818100826A2B /* Products */;
			projectDirPath = "";
			projectRoot = "";
			targets = (
				A1C662182196818100826A2B /* CIFilter.io */,
				A116A0D4220B4C93005DE07F /* CIFilter.ioTests */,
			);
		};
/* End PBXProject section */

/* Begin PBXResourcesBuildPhase section */
		A116A0D3220B4C93005DE07F /* Resources */ = {
			isa = PBXResourcesBuildPhase;
			buildActionMask = 2147483647;
			files = (
			);
			runOnlyForDeploymentPostprocessing = 0;
		};
		A1C662172196818100826A2B /* Resources */ = {
			isa = PBXResourcesBuildPhase;
			buildActionMask = 2147483647;
			files = (
				A1C662242196818300826A2B /* Assets.xcassets in Resources */,
				A1C662272196818300826A2B /* LaunchScreen.storyboard in Resources */,
			);
			runOnlyForDeploymentPostprocessing = 0;
		};
/* End PBXResourcesBuildPhase section */

/* Begin PBXShellScriptBuildPhase section */
		000194CF983F7F92BA46EF66 /* [CP] Copy Pods Resources */ = {
			isa = PBXShellScriptBuildPhase;
			buildActionMask = 2147483647;
			files = (
			);
			inputFileListPaths = (
			);
			inputPaths = (
				"${SRCROOT}/Pods/Target Support Files/Pods-CIFilter.ioTests/Pods-CIFilter.ioTests-resources.sh",
				"${PODS_ROOT}/IQKeyboardManagerSwift/IQKeyboardManagerSwift/Resources/IQKeyboardManager.bundle",
			);
			name = "[CP] Copy Pods Resources";
			outputFileListPaths = (
			);
			outputPaths = (
				"${TARGET_BUILD_DIR}/${UNLOCALIZED_RESOURCES_FOLDER_PATH}/IQKeyboardManager.bundle",
			);
			runOnlyForDeploymentPostprocessing = 0;
			shellPath = /bin/sh;
			shellScript = "\"${SRCROOT}/Pods/Target Support Files/Pods-CIFilter.ioTests/Pods-CIFilter.ioTests-resources.sh\"\n";
			showEnvVarsInLog = 0;
		};
		23B3E918299932C4122B4876 /* [CP] Check Pods Manifest.lock */ = {
			isa = PBXShellScriptBuildPhase;
			buildActionMask = 2147483647;
			files = (
			);
			inputFileListPaths = (
			);
			inputPaths = (
				"${PODS_PODFILE_DIR_PATH}/Podfile.lock",
				"${PODS_ROOT}/Manifest.lock",
			);
			name = "[CP] Check Pods Manifest.lock";
			outputFileListPaths = (
			);
			outputPaths = (
				"$(DERIVED_FILE_DIR)/Pods-CIFilter.ioTests-checkManifestLockResult.txt",
			);
			runOnlyForDeploymentPostprocessing = 0;
			shellPath = /bin/sh;
			shellScript = "diff \"${PODS_PODFILE_DIR_PATH}/Podfile.lock\" \"${PODS_ROOT}/Manifest.lock\" > /dev/null\nif [ $? != 0 ] ; then\n    # print error to STDERR\n    echo \"error: The sandbox is not in sync with the Podfile.lock. Run 'pod install' or update your CocoaPods installation.\" >&2\n    exit 1\nfi\n# This output is used by Xcode 'outputs' to avoid re-running this script phase.\necho \"SUCCESS\" > \"${SCRIPT_OUTPUT_FILE_0}\"\n";
			showEnvVarsInLog = 0;
		};
		4E0E2384EB43E66F70BFB7CE /* [CP] Check Pods Manifest.lock */ = {
			isa = PBXShellScriptBuildPhase;
			buildActionMask = 2147483647;
			files = (
			);
			inputFileListPaths = (
			);
			inputPaths = (
				"${PODS_PODFILE_DIR_PATH}/Podfile.lock",
				"${PODS_ROOT}/Manifest.lock",
			);
			name = "[CP] Check Pods Manifest.lock";
			outputFileListPaths = (
			);
			outputPaths = (
				"$(DERIVED_FILE_DIR)/Pods-CIFilter.io-checkManifestLockResult.txt",
			);
			runOnlyForDeploymentPostprocessing = 0;
			shellPath = /bin/sh;
			shellScript = "diff \"${PODS_PODFILE_DIR_PATH}/Podfile.lock\" \"${PODS_ROOT}/Manifest.lock\" > /dev/null\nif [ $? != 0 ] ; then\n    # print error to STDERR\n    echo \"error: The sandbox is not in sync with the Podfile.lock. Run 'pod install' or update your CocoaPods installation.\" >&2\n    exit 1\nfi\n# This output is used by Xcode 'outputs' to avoid re-running this script phase.\necho \"SUCCESS\" > \"${SCRIPT_OUTPUT_FILE_0}\"\n";
			showEnvVarsInLog = 0;
		};
		A12B7AF4222AF54B0084AAE6 /* ShellScript */ = {
			isa = PBXShellScriptBuildPhase;
			buildActionMask = 2147483647;
			files = (
			);
			inputFileListPaths = (
			);
			inputPaths = (
			);
			outputFileListPaths = (
			);
			outputPaths = (
			);
			runOnlyForDeploymentPostprocessing = 0;
			shellPath = /bin/sh;
			shellScript = "git=$(sh /etc/profile; which git)\nnumber_of_commits=$(\"$git\" rev-list HEAD --count)\nsha=$(\"$git\" rev-parse --verify HEAD)\n\ntarget_plist=\"$TARGET_BUILD_DIR/$INFOPLIST_PATH\"\ndsym_plist=\"$DWARF_DSYM_FOLDER_PATH/$DWARF_DSYM_FILE_NAME/Contents/Info.plist\"\n\nfor plist in \"$target_plist\" \"$dsym_plist\"; do\nif [ -s \"$plist\" ]; then\n$(/usr/libexec/PlistBuddy -c 'Delete :NGGitSha' \"$plist\" 2>/dev/null)\n$(/usr/libexec/PlistBuddy -c 'Delete :NGCommitNumber' \"$plist\" 2>/dev/null)\n/usr/libexec/PlistBuddy -c \"Set :CFBundleVersion $number_of_commits\" \"$plist\" \\\n&& /usr/libexec/PlistBuddy -c \"Add :NGGitSha string $sha\" \"$plist\" \\\n&& /usr/libexec/PlistBuddy -c \"Add :NGCommitNumber string $number_of_commits\" \"$plist\"\nfi\ndone\n";
		};
		A1D2225C1C26C1BC0C9CA081 /* [CP] Copy Pods Resources */ = {
			isa = PBXShellScriptBuildPhase;
			buildActionMask = 2147483647;
			files = (
			);
			inputFileListPaths = (
			);
			inputPaths = (
				"${SRCROOT}/Pods/Target Support Files/Pods-CIFilter.io/Pods-CIFilter.io-resources.sh",
				"${PODS_ROOT}/IQKeyboardManagerSwift/IQKeyboardManagerSwift/Resources/IQKeyboardManager.bundle",
			);
			name = "[CP] Copy Pods Resources";
			outputFileListPaths = (
			);
			outputPaths = (
				"${TARGET_BUILD_DIR}/${UNLOCALIZED_RESOURCES_FOLDER_PATH}/IQKeyboardManager.bundle",
			);
			runOnlyForDeploymentPostprocessing = 0;
			shellPath = /bin/sh;
			shellScript = "\"${SRCROOT}/Pods/Target Support Files/Pods-CIFilter.io/Pods-CIFilter.io-resources.sh\"\n";
			showEnvVarsInLog = 0;
		};
/* End PBXShellScriptBuildPhase section */

/* Begin PBXSourcesBuildPhase section */
		A116A0D1220B4C93005DE07F /* Sources */ = {
			isa = PBXSourcesBuildPhase;
			buildActionMask = 2147483647;
			files = (
				A116A0E0220B4CA9005DE07F /* UIColorUtilsTest.swift in Sources */,
			);
			runOnlyForDeploymentPostprocessing = 0;
		};
		A1C662152196818100826A2B /* Sources */ = {
			isa = PBXSourcesBuildPhase;
			buildActionMask = 2147483647;
			files = (
				A1C6621D2196818100826A2B /* AppDelegate.swift in Sources */,
				A128994721D41EAC00BEE395 /* AsyncFilterApplicator.swift in Sources */,
				A1D5A8BB21AF03F700257B5E /* Autolayout.swift in Sources */,
				A130BDF322068CCE00E586F6 /* BuiltInImage.swift in Sources */,
				A130BD8321F0F22400E586F6 /* CGPoint+Utils.swift in Sources */,
				A1D5A8AF21ADB38200257B5E /* CIVectorCodableWrapper.swift in Sources */,
				A172BAC42221CCFB00182C56 /* ColorHexInput.swift in Sources */,
				A130BD7F21EFA22400E586F6 /* ColorInput.swift in Sources */,
				A12B7AF122299D0C0084AAE6 /* ColorInputDragIndicatorView.swift in Sources */,
				A128994C21DD477000BEE395 /* Colors.swift in Sources */,
				A128995221DD6D4000BEE395 /* CwlMutex.swift in Sources */,
				A1D5A8B321ADB3C100257B5E /* Dictionary+Validation.swift in Sources */,
				A128993F21D058B300BEE395 /* EitherView.swift in Sources */,
				A12B7AF3222AEDA20084AAE6 /* FilterApplicationExporter.swift in Sources */,
				A128995421DEE3C700BEE395 /* FilterApplicationIndicator.swift in Sources */,
				A1D5A8D121B49E5400257B5E /* FilterAvailabilityView.swift in Sources */,
				A1D5A8B821AF034A00257B5E /* FilterCategoryHeaderView.swift in Sources */,
				A1D5A8C821B0FECF00257B5E /* FilterCellModel.swift in Sources */,
				A1A0D83721BC659B0098168C /* FilterDetailExampleHeaderView.swift in Sources */,
				A1D5A8CD21B4900400257B5E /* FilterDetailTitleView.swift in Sources */,
				A1D5A8CB21B48FDD00257B5E /* FilterDetailView.swift in Sources */,
				A1D5A8CF21B493A200257B5E /* FilterDetailViewController.swift in Sources */,
				A1A0D83521BC60BA0098168C /* FilterExampleProvider.swift in Sources */,
				A1D5A8C621B0FEB400257B5E /* FilterHeaderModel.swift in Sources */,
				A1707F66219A1A0A0010E007 /* FilterInfo.swift in Sources */,
				A1D5A8B121ADB3A800257B5E /* FilterInfoConstructionError.swift in Sources */,
				A1D5A8C121AF107D00257B5E /* FilterListNameCell.swift in Sources */,
				A1D5A8BD21AF0E8D00257B5E /* FilterListNameView.swift in Sources */,
				A11C522521968BB000045F2E /* FilterListViewController.swift in Sources */,
				A1D5A8AB21ADB31400257B5E /* FilterParameterInfo.swift in Sources */,
				A1D5A8AD21ADB33300257B5E /* FilterParameterType.swift in Sources */,
				A1D5A8D721B4A85A00257B5E /* FilterParameterView.swift in Sources */,
				A1A0D84021C4AEAA0098168C /* FilterWorkshopContentView.swift in Sources */,
				A128993D21D047BD00BEE395 /* FilterWorkshopParametersView.swift in Sources */,
				A128994121D18E6800BEE395 /* FilterWorkshopParameterView.swift in Sources */,
				A1A0D83C21BEBD960098168C /* FilterWorkshopView.swift in Sources */,
				A1A0D83A21BC67ED0098168C /* FilterWorkshopViewController.swift in Sources */,
				A128994521D40A3F00BEE395 /* FreeformNumberInput.swift in Sources */,
				A1A0D83E21BEC1B90098168C /* ImageArtboardView.swift in Sources */,
				A128993921CFFF7000BEE395 /* ImageChooserView.swift in Sources */,
				A128995621DEE43800BEE395 /* ImageWorkshopConsoleMessageView.swift in Sources */,
				A128995821DEE44F00BEE395 /* ImageWorkshopConsoleView.swift in Sources */,
				A128994321D1A56900BEE395 /* NumericSlider.swift in Sources */,
				A128994E21DD479100BEE395 /* OutputImageActivityIndicatorView.swift in Sources */,
				A128995021DD47D900BEE395 /* OutputImageNotGeneratedView.swift in Sources */,
				A1D5A8B521ADB3ED00257B5E /* ParameterData.swift in Sources */,
				A1D5A8C321B054A100257B5E /* SeparatorView.swift in Sources */,
				A1D5A8BF21AF0F8200257B5E /* UIColor+Utils.swift in Sources */,
				A1D5A8D321B4A32100257B5E /* UIEdgeInsets+Utils.swift in Sources */,
				A119025B222B31B000FE27A3 /* UIImage+Utils.swift in Sources */,
				A130BD8121F0EAC700E586F6 /* UIImageView+Utils.swift in Sources */,
				A1D5A8D521B4A64A00257B5E /* UIStackView+Utils.swift in Sources */,
				A130BD7D21EC0D1F00E586F6 /* VectorInput.swift in Sources */,
			);
			runOnlyForDeploymentPostprocessing = 0;
		};
/* End PBXSourcesBuildPhase section */

/* Begin PBXTargetDependency section */
		A116A0DB220B4C93005DE07F /* PBXTargetDependency */ = {
			isa = PBXTargetDependency;
			target = A1C662182196818100826A2B /* CIFilter.io */;
			targetProxy = A116A0DA220B4C93005DE07F /* PBXContainerItemProxy */;
		};
/* End PBXTargetDependency section */

/* Begin PBXVariantGroup section */
		A1C662252196818300826A2B /* LaunchScreen.storyboard */ = {
			isa = PBXVariantGroup;
			children = (
				A1C662262196818300826A2B /* Base */,
			);
			name = LaunchScreen.storyboard;
			sourceTree = "<group>";
		};
/* End PBXVariantGroup section */

/* Begin XCBuildConfiguration section */
		A116A0DC220B4C93005DE07F /* Debug */ = {
			isa = XCBuildConfiguration;
			baseConfigurationReference = FE5D796C946C31D82424702D /* Pods-CIFilter.ioTests.debug.xcconfig */;
			buildSettings = {
				BUNDLE_LOADER = "$(TEST_HOST)";
				CODE_SIGN_STYLE = Automatic;
				DEVELOPMENT_TEAM = 29P3YRFLV5;
				INFOPLIST_FILE = CIFilter.ioTests/Info.plist;
				IPHONEOS_DEPLOYMENT_TARGET = 12.1;
				LD_RUNPATH_SEARCH_PATHS = (
					"$(inherited)",
					"@executable_path/Frameworks",
					"@loader_path/Frameworks",
				);
				PRODUCT_BUNDLE_IDENTIFIER = "com.noahgilmore.CIFilter-ioTests";
				PRODUCT_NAME = "$(TARGET_NAME)";
				SWIFT_VERSION = 4.2;
				TARGETED_DEVICE_FAMILY = "1,2";
				TEST_HOST = "$(BUILT_PRODUCTS_DIR)/CIFilter.io.app/CIFilter.io";
			};
			name = Debug;
		};
		A116A0DD220B4C93005DE07F /* Release */ = {
			isa = XCBuildConfiguration;
			baseConfigurationReference = 6BC47CD1E0BB2EEB52DDF0D2 /* Pods-CIFilter.ioTests.release.xcconfig */;
			buildSettings = {
				BUNDLE_LOADER = "$(TEST_HOST)";
				CODE_SIGN_STYLE = Automatic;
				DEVELOPMENT_TEAM = 29P3YRFLV5;
				INFOPLIST_FILE = CIFilter.ioTests/Info.plist;
				IPHONEOS_DEPLOYMENT_TARGET = 12.1;
				LD_RUNPATH_SEARCH_PATHS = (
					"$(inherited)",
					"@executable_path/Frameworks",
					"@loader_path/Frameworks",
				);
				PRODUCT_BUNDLE_IDENTIFIER = "com.noahgilmore.CIFilter-ioTests";
				PRODUCT_NAME = "$(TARGET_NAME)";
				SWIFT_VERSION = 4.2;
				TARGETED_DEVICE_FAMILY = "1,2";
				TEST_HOST = "$(BUILT_PRODUCTS_DIR)/CIFilter.io.app/CIFilter.io";
			};
			name = Release;
		};
		A1C662292196818300826A2B /* Debug */ = {
			isa = XCBuildConfiguration;
			buildSettings = {
				ALWAYS_SEARCH_USER_PATHS = NO;
				CLANG_ANALYZER_NONNULL = YES;
				CLANG_ANALYZER_NUMBER_OBJECT_CONVERSION = YES_AGGRESSIVE;
				CLANG_CXX_LANGUAGE_STANDARD = "gnu++14";
				CLANG_CXX_LIBRARY = "libc++";
				CLANG_ENABLE_MODULES = YES;
				CLANG_ENABLE_OBJC_ARC = YES;
				CLANG_ENABLE_OBJC_WEAK = YES;
				CLANG_WARN_BLOCK_CAPTURE_AUTORELEASING = YES;
				CLANG_WARN_BOOL_CONVERSION = YES;
				CLANG_WARN_COMMA = YES;
				CLANG_WARN_CONSTANT_CONVERSION = YES;
				CLANG_WARN_DEPRECATED_OBJC_IMPLEMENTATIONS = YES;
				CLANG_WARN_DIRECT_OBJC_ISA_USAGE = YES_ERROR;
				CLANG_WARN_DOCUMENTATION_COMMENTS = YES;
				CLANG_WARN_EMPTY_BODY = YES;
				CLANG_WARN_ENUM_CONVERSION = YES;
				CLANG_WARN_INFINITE_RECURSION = YES;
				CLANG_WARN_INT_CONVERSION = YES;
				CLANG_WARN_NON_LITERAL_NULL_CONVERSION = YES;
				CLANG_WARN_OBJC_IMPLICIT_RETAIN_SELF = YES;
				CLANG_WARN_OBJC_LITERAL_CONVERSION = YES;
				CLANG_WARN_OBJC_ROOT_CLASS = YES_ERROR;
				CLANG_WARN_RANGE_LOOP_ANALYSIS = YES;
				CLANG_WARN_STRICT_PROTOTYPES = YES;
				CLANG_WARN_SUSPICIOUS_MOVE = YES;
				CLANG_WARN_UNGUARDED_AVAILABILITY = YES_AGGRESSIVE;
				CLANG_WARN_UNREACHABLE_CODE = YES;
				CLANG_WARN__DUPLICATE_METHOD_MATCH = YES;
				CODE_SIGN_IDENTITY = "iPhone Developer";
				COPY_PHASE_STRIP = NO;
				DEBUG_INFORMATION_FORMAT = dwarf;
				ENABLE_STRICT_OBJC_MSGSEND = YES;
				ENABLE_TESTABILITY = YES;
				GCC_C_LANGUAGE_STANDARD = gnu11;
				GCC_DYNAMIC_NO_PIC = NO;
				GCC_NO_COMMON_BLOCKS = YES;
				GCC_OPTIMIZATION_LEVEL = 0;
				GCC_PREPROCESSOR_DEFINITIONS = (
					"DEBUG=1",
					"$(inherited)",
				);
				GCC_WARN_64_TO_32_BIT_CONVERSION = YES;
				GCC_WARN_ABOUT_RETURN_TYPE = YES_ERROR;
				GCC_WARN_UNDECLARED_SELECTOR = YES;
				GCC_WARN_UNINITIALIZED_AUTOS = YES_AGGRESSIVE;
				GCC_WARN_UNUSED_FUNCTION = YES;
				GCC_WARN_UNUSED_VARIABLE = YES;
				IPHONEOS_DEPLOYMENT_TARGET = 12.0;
				MTL_ENABLE_DEBUG_INFO = INCLUDE_SOURCE;
				MTL_FAST_MATH = YES;
				ONLY_ACTIVE_ARCH = YES;
				SDKROOT = iphoneos;
				SWIFT_ACTIVE_COMPILATION_CONDITIONS = DEBUG;
				SWIFT_OPTIMIZATION_LEVEL = "-Onone";
			};
			name = Debug;
		};
		A1C6622A2196818300826A2B /* Release */ = {
			isa = XCBuildConfiguration;
			buildSettings = {
				ALWAYS_SEARCH_USER_PATHS = NO;
				CLANG_ANALYZER_NONNULL = YES;
				CLANG_ANALYZER_NUMBER_OBJECT_CONVERSION = YES_AGGRESSIVE;
				CLANG_CXX_LANGUAGE_STANDARD = "gnu++14";
				CLANG_CXX_LIBRARY = "libc++";
				CLANG_ENABLE_MODULES = YES;
				CLANG_ENABLE_OBJC_ARC = YES;
				CLANG_ENABLE_OBJC_WEAK = YES;
				CLANG_WARN_BLOCK_CAPTURE_AUTORELEASING = YES;
				CLANG_WARN_BOOL_CONVERSION = YES;
				CLANG_WARN_COMMA = YES;
				CLANG_WARN_CONSTANT_CONVERSION = YES;
				CLANG_WARN_DEPRECATED_OBJC_IMPLEMENTATIONS = YES;
				CLANG_WARN_DIRECT_OBJC_ISA_USAGE = YES_ERROR;
				CLANG_WARN_DOCUMENTATION_COMMENTS = YES;
				CLANG_WARN_EMPTY_BODY = YES;
				CLANG_WARN_ENUM_CONVERSION = YES;
				CLANG_WARN_INFINITE_RECURSION = YES;
				CLANG_WARN_INT_CONVERSION = YES;
				CLANG_WARN_NON_LITERAL_NULL_CONVERSION = YES;
				CLANG_WARN_OBJC_IMPLICIT_RETAIN_SELF = YES;
				CLANG_WARN_OBJC_LITERAL_CONVERSION = YES;
				CLANG_WARN_OBJC_ROOT_CLASS = YES_ERROR;
				CLANG_WARN_RANGE_LOOP_ANALYSIS = YES;
				CLANG_WARN_STRICT_PROTOTYPES = YES;
				CLANG_WARN_SUSPICIOUS_MOVE = YES;
				CLANG_WARN_UNGUARDED_AVAILABILITY = YES_AGGRESSIVE;
				CLANG_WARN_UNREACHABLE_CODE = YES;
				CLANG_WARN__DUPLICATE_METHOD_MATCH = YES;
				CODE_SIGN_IDENTITY = "iPhone Developer";
				COPY_PHASE_STRIP = NO;
				DEBUG_INFORMATION_FORMAT = "dwarf-with-dsym";
				ENABLE_NS_ASSERTIONS = NO;
				ENABLE_STRICT_OBJC_MSGSEND = YES;
				GCC_C_LANGUAGE_STANDARD = gnu11;
				GCC_NO_COMMON_BLOCKS = YES;
				GCC_WARN_64_TO_32_BIT_CONVERSION = YES;
				GCC_WARN_ABOUT_RETURN_TYPE = YES_ERROR;
				GCC_WARN_UNDECLARED_SELECTOR = YES;
				GCC_WARN_UNINITIALIZED_AUTOS = YES_AGGRESSIVE;
				GCC_WARN_UNUSED_FUNCTION = YES;
				GCC_WARN_UNUSED_VARIABLE = YES;
				IPHONEOS_DEPLOYMENT_TARGET = 12.0;
				MTL_ENABLE_DEBUG_INFO = NO;
				MTL_FAST_MATH = YES;
				SDKROOT = iphoneos;
				SWIFT_COMPILATION_MODE = wholemodule;
				SWIFT_OPTIMIZATION_LEVEL = "-O";
				VALIDATE_PRODUCT = YES;
			};
			name = Release;
		};
		A1C6622C2196818300826A2B /* Debug */ = {
			isa = XCBuildConfiguration;
			baseConfigurationReference = 08FBAE88B5103E03654DA7F2 /* Pods-CIFilter.io.debug.xcconfig */;
			buildSettings = {
				ASSETCATALOG_COMPILER_APPICON_NAME = AppIcon;
				CODE_SIGN_STYLE = Automatic;
				DEBUG_INFORMATION_FORMAT = "dwarf-with-dsym";
				DEVELOPMENT_TEAM = DNTS4MC2Q5;
				INFOPLIST_FILE = CIFilter.io/Info.plist;
				LD_RUNPATH_SEARCH_PATHS = (
					"$(inherited)",
					"@executable_path/Frameworks",
				);
				PRODUCT_BUNDLE_IDENTIFIER = com.noahgilmore.cifilterio;
				PRODUCT_NAME = "$(TARGET_NAME)";
				SWIFT_VERSION = 4.2;
				TARGETED_DEVICE_FAMILY = "1,2";
			};
			name = Debug;
		};
		A1C6622D2196818300826A2B /* Release */ = {
			isa = XCBuildConfiguration;
			baseConfigurationReference = F97FF4CF0C09C59DFDF3D2A3 /* Pods-CIFilter.io.release.xcconfig */;
			buildSettings = {
				ASSETCATALOG_COMPILER_APPICON_NAME = AppIcon;
				CODE_SIGN_STYLE = Automatic;
				DEVELOPMENT_TEAM = DNTS4MC2Q5;
				INFOPLIST_FILE = CIFilter.io/Info.plist;
				LD_RUNPATH_SEARCH_PATHS = (
					"$(inherited)",
					"@executable_path/Frameworks",
				);
				PRODUCT_BUNDLE_IDENTIFIER = com.noahgilmore.cifilterio;
				PRODUCT_NAME = "$(TARGET_NAME)";
				SWIFT_VERSION = 4.2;
				TARGETED_DEVICE_FAMILY = "1,2";
			};
			name = Release;
		};
/* End XCBuildConfiguration section */

/* Begin XCConfigurationList section */
		A116A0DE220B4C93005DE07F /* Build configuration list for PBXNativeTarget "CIFilter.ioTests" */ = {
			isa = XCConfigurationList;
			buildConfigurations = (
				A116A0DC220B4C93005DE07F /* Debug */,
				A116A0DD220B4C93005DE07F /* Release */,
			);
			defaultConfigurationIsVisible = 0;
			defaultConfigurationName = Release;
		};
		A1C662142196818100826A2B /* Build configuration list for PBXProject "CIFilter.io" */ = {
			isa = XCConfigurationList;
			buildConfigurations = (
				A1C662292196818300826A2B /* Debug */,
				A1C6622A2196818300826A2B /* Release */,
			);
			defaultConfigurationIsVisible = 0;
			defaultConfigurationName = Release;
		};
		A1C6622B2196818300826A2B /* Build configuration list for PBXNativeTarget "CIFilter.io" */ = {
			isa = XCConfigurationList;
			buildConfigurations = (
				A1C6622C2196818300826A2B /* Debug */,
				A1C6622D2196818300826A2B /* Release */,
			);
			defaultConfigurationIsVisible = 0;
			defaultConfigurationName = Release;
		};
/* End XCConfigurationList section */
	};
	rootObject = A1C662112196818100826A2B /* Project object */;
}
