// !$*UTF8*$!
{
	archiveVersion = 1;
	classes = {
	};
	objectVersion = 50;
	objects = {

/* Begin PBXBuildFile section */
		5F31BFC0D3D97B3DB60EB532 /* libPods-CIFilter.io.a in Frameworks */ = {isa = PBXBuildFile; fileRef = A8DF7E2364B4EB94F6C83712 /* libPods-CIFilter.io.a */; };
		A11C522521968BB000045F2E /* FilterListViewController.swift in Sources */ = {isa = PBXBuildFile; fileRef = A11C522421968BB000045F2E /* FilterListViewController.swift */; };
		A11C522721968C8900045F2E /* FilterDetailViewController.swift in Sources */ = {isa = PBXBuildFile; fileRef = A11C522621968C8900045F2E /* FilterDetailViewController.swift */; };
		A1707F66219A1A0A0010E007 /* FilterInfo.swift in Sources */ = {isa = PBXBuildFile; fileRef = A1707F65219A1A0A0010E007 /* FilterInfo.swift */; };
		A1C6621D2196818100826A2B /* AppDelegate.swift in Sources */ = {isa = PBXBuildFile; fileRef = A1C6621C2196818100826A2B /* AppDelegate.swift */; };
		A1C662242196818300826A2B /* Assets.xcassets in Resources */ = {isa = PBXBuildFile; fileRef = A1C662232196818300826A2B /* Assets.xcassets */; };
		A1C662272196818300826A2B /* LaunchScreen.storyboard in Resources */ = {isa = PBXBuildFile; fileRef = A1C662252196818300826A2B /* LaunchScreen.storyboard */; };
		A1D5A8AB21ADB31400257B5E /* FilterParameterInfo.swift in Sources */ = {isa = PBXBuildFile; fileRef = A1D5A8AA21ADB31400257B5E /* FilterParameterInfo.swift */; };
		A1D5A8AD21ADB33300257B5E /* FilterParameterType.swift in Sources */ = {isa = PBXBuildFile; fileRef = A1D5A8AC21ADB33300257B5E /* FilterParameterType.swift */; };
		A1D5A8AF21ADB38200257B5E /* CIVectorCodableWrapper.swift in Sources */ = {isa = PBXBuildFile; fileRef = A1D5A8AE21ADB38200257B5E /* CIVectorCodableWrapper.swift */; };
		A1D5A8B121ADB3A800257B5E /* FilterInfoConstructionError.swift in Sources */ = {isa = PBXBuildFile; fileRef = A1D5A8B021ADB3A800257B5E /* FilterInfoConstructionError.swift */; };
		A1D5A8B321ADB3C100257B5E /* Dictionary+Validation.swift in Sources */ = {isa = PBXBuildFile; fileRef = A1D5A8B221ADB3C100257B5E /* Dictionary+Validation.swift */; };
		A1D5A8B521ADB3ED00257B5E /* ParameterData.swift in Sources */ = {isa = PBXBuildFile; fileRef = A1D5A8B421ADB3ED00257B5E /* ParameterData.swift */; };
		A1D5A8B821AF034A00257B5E /* FilterCategoryHeaderView.swift in Sources */ = {isa = PBXBuildFile; fileRef = A1D5A8B721AF034A00257B5E /* FilterCategoryHeaderView.swift */; };
		A1D5A8BB21AF03F700257B5E /* Autolayout.swift in Sources */ = {isa = PBXBuildFile; fileRef = A1D5A8BA21AF03F700257B5E /* Autolayout.swift */; };
		A1D5A8BD21AF0E8D00257B5E /* FilterListNameView.swift in Sources */ = {isa = PBXBuildFile; fileRef = A1D5A8BC21AF0E8D00257B5E /* FilterListNameView.swift */; };
		A1D5A8BF21AF0F8200257B5E /* UIColor+Utils.swift in Sources */ = {isa = PBXBuildFile; fileRef = A1D5A8BE21AF0F8200257B5E /* UIColor+Utils.swift */; };
		A1D5A8C121AF107D00257B5E /* FilterListNameCell.swift in Sources */ = {isa = PBXBuildFile; fileRef = A1D5A8C021AF107D00257B5E /* FilterListNameCell.swift */; };
		A1D5A8C321B054A100257B5E /* SeparatorView.swift in Sources */ = {isa = PBXBuildFile; fileRef = A1D5A8C221B054A100257B5E /* SeparatorView.swift */; };
		A1D5A8C621B0FEB400257B5E /* FilterHeaderModel.swift in Sources */ = {isa = PBXBuildFile; fileRef = A1D5A8C521B0FEB400257B5E /* FilterHeaderModel.swift */; };
		A1D5A8C821B0FECF00257B5E /* FilterCellModel.swift in Sources */ = {isa = PBXBuildFile; fileRef = A1D5A8C721B0FECF00257B5E /* FilterCellModel.swift */; };
/* End PBXBuildFile section */

/* Begin PBXFileReference section */
		08FBAE88B5103E03654DA7F2 /* Pods-CIFilter.io.debug.xcconfig */ = {isa = PBXFileReference; includeInIndex = 1; lastKnownFileType = text.xcconfig; name = "Pods-CIFilter.io.debug.xcconfig"; path = "Pods/Target Support Files/Pods-CIFilter.io/Pods-CIFilter.io.debug.xcconfig"; sourceTree = "<group>"; };
		A11C522421968BB000045F2E /* FilterListViewController.swift */ = {isa = PBXFileReference; lastKnownFileType = sourcecode.swift; path = FilterListViewController.swift; sourceTree = "<group>"; };
		A11C522621968C8900045F2E /* FilterDetailViewController.swift */ = {isa = PBXFileReference; lastKnownFileType = sourcecode.swift; path = FilterDetailViewController.swift; sourceTree = "<group>"; };
		A1707F65219A1A0A0010E007 /* FilterInfo.swift */ = {isa = PBXFileReference; lastKnownFileType = sourcecode.swift; path = FilterInfo.swift; sourceTree = "<group>"; };
		A1C662192196818100826A2B /* CIFilter.io.app */ = {isa = PBXFileReference; explicitFileType = wrapper.application; includeInIndex = 0; path = CIFilter.io.app; sourceTree = BUILT_PRODUCTS_DIR; };
		A1C6621C2196818100826A2B /* AppDelegate.swift */ = {isa = PBXFileReference; lastKnownFileType = sourcecode.swift; path = AppDelegate.swift; sourceTree = "<group>"; };
		A1C662232196818300826A2B /* Assets.xcassets */ = {isa = PBXFileReference; lastKnownFileType = folder.assetcatalog; path = Assets.xcassets; sourceTree = "<group>"; };
		A1C662262196818300826A2B /* Base */ = {isa = PBXFileReference; lastKnownFileType = file.storyboard; name = Base; path = Base.lproj/LaunchScreen.storyboard; sourceTree = "<group>"; };
		A1C662282196818300826A2B /* Info.plist */ = {isa = PBXFileReference; lastKnownFileType = text.plist.xml; path = Info.plist; sourceTree = "<group>"; };
		A1D5A8AA21ADB31400257B5E /* FilterParameterInfo.swift */ = {isa = PBXFileReference; lastKnownFileType = sourcecode.swift; path = FilterParameterInfo.swift; sourceTree = "<group>"; };
		A1D5A8AC21ADB33300257B5E /* FilterParameterType.swift */ = {isa = PBXFileReference; lastKnownFileType = sourcecode.swift; path = FilterParameterType.swift; sourceTree = "<group>"; };
		A1D5A8AE21ADB38200257B5E /* CIVectorCodableWrapper.swift */ = {isa = PBXFileReference; lastKnownFileType = sourcecode.swift; path = CIVectorCodableWrapper.swift; sourceTree = "<group>"; };
		A1D5A8B021ADB3A800257B5E /* FilterInfoConstructionError.swift */ = {isa = PBXFileReference; lastKnownFileType = sourcecode.swift; path = FilterInfoConstructionError.swift; sourceTree = "<group>"; };
		A1D5A8B221ADB3C100257B5E /* Dictionary+Validation.swift */ = {isa = PBXFileReference; lastKnownFileType = sourcecode.swift; path = "Dictionary+Validation.swift"; sourceTree = "<group>"; };
		A1D5A8B421ADB3ED00257B5E /* ParameterData.swift */ = {isa = PBXFileReference; lastKnownFileType = sourcecode.swift; path = ParameterData.swift; sourceTree = "<group>"; };
		A1D5A8B721AF034A00257B5E /* FilterCategoryHeaderView.swift */ = {isa = PBXFileReference; lastKnownFileType = sourcecode.swift; path = FilterCategoryHeaderView.swift; sourceTree = "<group>"; };
		A1D5A8BA21AF03F700257B5E /* Autolayout.swift */ = {isa = PBXFileReference; lastKnownFileType = sourcecode.swift; path = Autolayout.swift; sourceTree = "<group>"; };
		A1D5A8BC21AF0E8D00257B5E /* FilterListNameView.swift */ = {isa = PBXFileReference; lastKnownFileType = sourcecode.swift; path = FilterListNameView.swift; sourceTree = "<group>"; };
		A1D5A8BE21AF0F8200257B5E /* UIColor+Utils.swift */ = {isa = PBXFileReference; lastKnownFileType = sourcecode.swift; path = "UIColor+Utils.swift"; sourceTree = "<group>"; };
		A1D5A8C021AF107D00257B5E /* FilterListNameCell.swift */ = {isa = PBXFileReference; lastKnownFileType = sourcecode.swift; path = FilterListNameCell.swift; sourceTree = "<group>"; };
		A1D5A8C221B054A100257B5E /* SeparatorView.swift */ = {isa = PBXFileReference; lastKnownFileType = sourcecode.swift; path = SeparatorView.swift; sourceTree = "<group>"; };
		A1D5A8C521B0FEB400257B5E /* FilterHeaderModel.swift */ = {isa = PBXFileReference; lastKnownFileType = sourcecode.swift; path = FilterHeaderModel.swift; sourceTree = "<group>"; };
		A1D5A8C721B0FECF00257B5E /* FilterCellModel.swift */ = {isa = PBXFileReference; lastKnownFileType = sourcecode.swift; path = FilterCellModel.swift; sourceTree = "<group>"; };
		A8DF7E2364B4EB94F6C83712 /* libPods-CIFilter.io.a */ = {isa = PBXFileReference; explicitFileType = archive.ar; includeInIndex = 0; path = "libPods-CIFilter.io.a"; sourceTree = BUILT_PRODUCTS_DIR; };
		F97FF4CF0C09C59DFDF3D2A3 /* Pods-CIFilter.io.release.xcconfig */ = {isa = PBXFileReference; includeInIndex = 1; lastKnownFileType = text.xcconfig; name = "Pods-CIFilter.io.release.xcconfig"; path = "Pods/Target Support Files/Pods-CIFilter.io/Pods-CIFilter.io.release.xcconfig"; sourceTree = "<group>"; };
/* End PBXFileReference section */

/* Begin PBXFrameworksBuildPhase section */
		A1C662162196818100826A2B /* Frameworks */ = {
			isa = PBXFrameworksBuildPhase;
			buildActionMask = 2147483647;
			files = (
				5F31BFC0D3D97B3DB60EB532 /* libPods-CIFilter.io.a in Frameworks */,
			);
			runOnlyForDeploymentPostprocessing = 0;
		};
/* End PBXFrameworksBuildPhase section */

/* Begin PBXGroup section */
		21F45C3D75D451327515769A /* Pods */ = {
			isa = PBXGroup;
			children = (
				08FBAE88B5103E03654DA7F2 /* Pods-CIFilter.io.debug.xcconfig */,
				F97FF4CF0C09C59DFDF3D2A3 /* Pods-CIFilter.io.release.xcconfig */,
			);
			name = Pods;
			sourceTree = "<group>";
		};
		521EE2C65F91622949C25D8A /* Frameworks */ = {
			isa = PBXGroup;
			children = (
				A8DF7E2364B4EB94F6C83712 /* libPods-CIFilter.io.a */,
			);
			name = Frameworks;
			sourceTree = "<group>";
		};
		A1C662102196818100826A2B = {
			isa = PBXGroup;
			children = (
				A1C6621B2196818100826A2B /* CIFilter.io */,
				521EE2C65F91622949C25D8A /* Frameworks */,
				21F45C3D75D451327515769A /* Pods */,
				A1C6621A2196818100826A2B /* Products */,
			);
			sourceTree = "<group>";
		};
		A1C6621A2196818100826A2B /* Products */ = {
			isa = PBXGroup;
			children = (
				A1C662192196818100826A2B /* CIFilter.io.app */,
			);
			name = Products;
			sourceTree = "<group>";
		};
		A1C6621B2196818100826A2B /* CIFilter.io */ = {
			isa = PBXGroup;
			children = (
				A1D5A8C921B48FB700257B5E /* Filter Detail */,
				A1D5A8A921ADB30300257B5E /* Filter Info */,
				A1D5A8B621AF033700257B5E /* Filter List */,
				A1D5A8B921AF03ED00257B5E /* Utils */,
				A1C6621C2196818100826A2B /* AppDelegate.swift */,
				A1C662232196818300826A2B /* Assets.xcassets */,
				A1D5A8B221ADB3C100257B5E /* Dictionary+Validation.swift */,
				A11C522621968C8900045F2E /* FilterDetailViewController.swift */,
				A1C662282196818300826A2B /* Info.plist */,
				A1C662252196818300826A2B /* LaunchScreen.storyboard */,
			);
			path = CIFilter.io;
			sourceTree = "<group>";
		};
		A1D5A8A921ADB30300257B5E /* Filter Info */ = {
			isa = PBXGroup;
			children = (
				A1D5A8AE21ADB38200257B5E /* CIVectorCodableWrapper.swift */,
				A1707F65219A1A0A0010E007 /* FilterInfo.swift */,
				A1D5A8B021ADB3A800257B5E /* FilterInfoConstructionError.swift */,
				A1D5A8AA21ADB31400257B5E /* FilterParameterInfo.swift */,
				A1D5A8AC21ADB33300257B5E /* FilterParameterType.swift */,
				A1D5A8B421ADB3ED00257B5E /* ParameterData.swift */,
			);
			path = "Filter Info";
			sourceTree = "<group>";
		};
		A1D5A8B621AF033700257B5E /* Filter List */ = {
			isa = PBXGroup;
			children = (
				A1D5A8C421B0FEA600257B5E /* Models */,
				A1D5A8B721AF034A00257B5E /* FilterCategoryHeaderView.swift */,
				A1D5A8C021AF107D00257B5E /* FilterListNameCell.swift */,
				A1D5A8BC21AF0E8D00257B5E /* FilterListNameView.swift */,
				A11C522421968BB000045F2E /* FilterListViewController.swift */,
			);
			path = "Filter List";
			sourceTree = "<group>";
		};
		A1D5A8B921AF03ED00257B5E /* Utils */ = {
			isa = PBXGroup;
			children = (
				A1D5A8BA21AF03F700257B5E /* Autolayout.swift */,
				A1D5A8C221B054A100257B5E /* SeparatorView.swift */,
				A1D5A8BE21AF0F8200257B5E /* UIColor+Utils.swift */,
			);
			path = Utils;
			sourceTree = "<group>";
		};
		A1D5A8C421B0FEA600257B5E /* Models */ = {
			isa = PBXGroup;
			children = (
				A1D5A8C721B0FECF00257B5E /* FilterCellModel.swift */,
				A1D5A8C521B0FEB400257B5E /* FilterHeaderModel.swift */,
			);
			path = Models;
			sourceTree = "<group>";
		};
		A1D5A8C921B48FB700257B5E /* Filter Detail */ = {
			isa = PBXGroup;
			children = (
			);
			path = "Filter Detail";
			sourceTree = "<group>";
		};
/* End PBXGroup section */

/* Begin PBXNativeTarget section */
		A1C662182196818100826A2B /* CIFilter.io */ = {
			isa = PBXNativeTarget;
			buildConfigurationList = A1C6622B2196818300826A2B /* Build configuration list for PBXNativeTarget "CIFilter.io" */;
			buildPhases = (
				4E0E2384EB43E66F70BFB7CE /* [CP] Check Pods Manifest.lock */,
				A1C662152196818100826A2B /* Sources */,
				A1C662162196818100826A2B /* Frameworks */,
				A1C662172196818100826A2B /* Resources */,
			);
			buildRules = (
			);
			dependencies = (
			);
			name = CIFilter.io;
			productName = CIFilter.io;
			productReference = A1C662192196818100826A2B /* CIFilter.io.app */;
			productType = "com.apple.product-type.application";
		};
/* End PBXNativeTarget section */

/* Begin PBXProject section */
		A1C662112196818100826A2B /* Project object */ = {
			isa = PBXProject;
			attributes = {
				LastSwiftUpdateCheck = 1000;
				LastUpgradeCheck = 1000;
				ORGANIZATIONNAME = "Noah Gilmore";
				TargetAttributes = {
					A1C662182196818100826A2B = {
						CreatedOnToolsVersion = 10.0;
					};
				};
			};
			buildConfigurationList = A1C662142196818100826A2B /* Build configuration list for PBXProject "CIFilter.io" */;
			compatibilityVersion = "Xcode 9.3";
			developmentRegion = en;
			hasScannedForEncodings = 0;
			knownRegions = (
				en,
				Base,
			);
			mainGroup = A1C662102196818100826A2B;
			productRefGroup = A1C6621A2196818100826A2B /* Products */;
			projectDirPath = "";
			projectRoot = "";
			targets = (
				A1C662182196818100826A2B /* CIFilter.io */,
			);
		};
/* End PBXProject section */

/* Begin PBXResourcesBuildPhase section */
		A1C662172196818100826A2B /* Resources */ = {
			isa = PBXResourcesBuildPhase;
			buildActionMask = 2147483647;
			files = (
				A1C662242196818300826A2B /* Assets.xcassets in Resources */,
				A1C662272196818300826A2B /* LaunchScreen.storyboard in Resources */,
			);
			runOnlyForDeploymentPostprocessing = 0;
		};
/* End PBXResourcesBuildPhase section */

/* Begin PBXShellScriptBuildPhase section */
		4E0E2384EB43E66F70BFB7CE /* [CP] Check Pods Manifest.lock */ = {
			isa = PBXShellScriptBuildPhase;
			buildActionMask = 2147483647;
			files = (
			);
			inputFileListPaths = (
			);
			inputPaths = (
				"${PODS_PODFILE_DIR_PATH}/Podfile.lock",
				"${PODS_ROOT}/Manifest.lock",
			);
			name = "[CP] Check Pods Manifest.lock";
			outputFileListPaths = (
			);
			outputPaths = (
				"$(DERIVED_FILE_DIR)/Pods-CIFilter.io-checkManifestLockResult.txt",
			);
			runOnlyForDeploymentPostprocessing = 0;
			shellPath = /bin/sh;
			shellScript = "diff \"${PODS_PODFILE_DIR_PATH}/Podfile.lock\" \"${PODS_ROOT}/Manifest.lock\" > /dev/null\nif [ $? != 0 ] ; then\n    # print error to STDERR\n    echo \"error: The sandbox is not in sync with the Podfile.lock. Run 'pod install' or update your CocoaPods installation.\" >&2\n    exit 1\nfi\n# This output is used by Xcode 'outputs' to avoid re-running this script phase.\necho \"SUCCESS\" > \"${SCRIPT_OUTPUT_FILE_0}\"\n";
			showEnvVarsInLog = 0;
		};
/* End PBXShellScriptBuildPhase section */

/* Begin PBXSourcesBuildPhase section */
		A1C662152196818100826A2B /* Sources */ = {
			isa = PBXSourcesBuildPhase;
			buildActionMask = 2147483647;
			files = (
				A1C6621D2196818100826A2B /* AppDelegate.swift in Sources */,
				A1D5A8BB21AF03F700257B5E /* Autolayout.swift in Sources */,
				A1D5A8AF21ADB38200257B5E /* CIVectorCodableWrapper.swift in Sources */,
				A1D5A8B321ADB3C100257B5E /* Dictionary+Validation.swift in Sources */,
				A1D5A8B821AF034A00257B5E /* FilterCategoryHeaderView.swift in Sources */,
				A1D5A8C821B0FECF00257B5E /* FilterCellModel.swift in Sources */,
				A11C522721968C8900045F2E /* FilterDetailViewController.swift in Sources */,
				A1D5A8C621B0FEB400257B5E /* FilterHeaderModel.swift in Sources */,
				A1707F66219A1A0A0010E007 /* FilterInfo.swift in Sources */,
				A1D5A8B121ADB3A800257B5E /* FilterInfoConstructionError.swift in Sources */,
				A1D5A8C121AF107D00257B5E /* FilterListNameCell.swift in Sources */,
				A1D5A8BD21AF0E8D00257B5E /* FilterListNameView.swift in Sources */,
				A11C522521968BB000045F2E /* FilterListViewController.swift in Sources */,
				A1D5A8AB21ADB31400257B5E /* FilterParameterInfo.swift in Sources */,
				A1D5A8AD21ADB33300257B5E /* FilterParameterType.swift in Sources */,
				A1D5A8B521ADB3ED00257B5E /* ParameterData.swift in Sources */,
				A1D5A8C321B054A100257B5E /* SeparatorView.swift in Sources */,
				A1D5A8BF21AF0F8200257B5E /* UIColor+Utils.swift in Sources */,
			);
			runOnlyForDeploymentPostprocessing = 0;
		};
/* End PBXSourcesBuildPhase section */

/* Begin PBXVariantGroup section */
		A1C662252196818300826A2B /* LaunchScreen.storyboard */ = {
			isa = PBXVariantGroup;
			children = (
				A1C662262196818300826A2B /* Base */,
			);
			name = LaunchScreen.storyboard;
			sourceTree = "<group>";
		};
/* End PBXVariantGroup section */

/* Begin XCBuildConfiguration section */
		A1C662292196818300826A2B /* Debug */ = {
			isa = XCBuildConfiguration;
			buildSettings = {
				ALWAYS_SEARCH_USER_PATHS = NO;
				CLANG_ANALYZER_NONNULL = YES;
				CLANG_ANALYZER_NUMBER_OBJECT_CONVERSION = YES_AGGRESSIVE;
				CLANG_CXX_LANGUAGE_STANDARD = "gnu++14";
				CLANG_CXX_LIBRARY = "libc++";
				CLANG_ENABLE_MODULES = YES;
				CLANG_ENABLE_OBJC_ARC = YES;
				CLANG_ENABLE_OBJC_WEAK = YES;
				CLANG_WARN_BLOCK_CAPTURE_AUTORELEASING = YES;
				CLANG_WARN_BOOL_CONVERSION = YES;
				CLANG_WARN_COMMA = YES;
				CLANG_WARN_CONSTANT_CONVERSION = YES;
				CLANG_WARN_DEPRECATED_OBJC_IMPLEMENTATIONS = YES;
				CLANG_WARN_DIRECT_OBJC_ISA_USAGE = YES_ERROR;
				CLANG_WARN_DOCUMENTATION_COMMENTS = YES;
				CLANG_WARN_EMPTY_BODY = YES;
				CLANG_WARN_ENUM_CONVERSION = YES;
				CLANG_WARN_INFINITE_RECURSION = YES;
				CLANG_WARN_INT_CONVERSION = YES;
				CLANG_WARN_NON_LITERAL_NULL_CONVERSION = YES;
				CLANG_WARN_OBJC_IMPLICIT_RETAIN_SELF = YES;
				CLANG_WARN_OBJC_LITERAL_CONVERSION = YES;
				CLANG_WARN_OBJC_ROOT_CLASS = YES_ERROR;
				CLANG_WARN_RANGE_LOOP_ANALYSIS = YES;
				CLANG_WARN_STRICT_PROTOTYPES = YES;
				CLANG_WARN_SUSPICIOUS_MOVE = YES;
				CLANG_WARN_UNGUARDED_AVAILABILITY = YES_AGGRESSIVE;
				CLANG_WARN_UNREACHABLE_CODE = YES;
				CLANG_WARN__DUPLICATE_METHOD_MATCH = YES;
				CODE_SIGN_IDENTITY = "iPhone Developer";
				COPY_PHASE_STRIP = NO;
				DEBUG_INFORMATION_FORMAT = dwarf;
				ENABLE_STRICT_OBJC_MSGSEND = YES;
				ENABLE_TESTABILITY = YES;
				GCC_C_LANGUAGE_STANDARD = gnu11;
				GCC_DYNAMIC_NO_PIC = NO;
				GCC_NO_COMMON_BLOCKS = YES;
				GCC_OPTIMIZATION_LEVEL = 0;
				GCC_PREPROCESSOR_DEFINITIONS = (
					"DEBUG=1",
					"$(inherited)",
				);
				GCC_WARN_64_TO_32_BIT_CONVERSION = YES;
				GCC_WARN_ABOUT_RETURN_TYPE = YES_ERROR;
				GCC_WARN_UNDECLARED_SELECTOR = YES;
				GCC_WARN_UNINITIALIZED_AUTOS = YES_AGGRESSIVE;
				GCC_WARN_UNUSED_FUNCTION = YES;
				GCC_WARN_UNUSED_VARIABLE = YES;
				IPHONEOS_DEPLOYMENT_TARGET = 12.0;
				MTL_ENABLE_DEBUG_INFO = INCLUDE_SOURCE;
				MTL_FAST_MATH = YES;
				ONLY_ACTIVE_ARCH = YES;
				SDKROOT = iphoneos;
				SWIFT_ACTIVE_COMPILATION_CONDITIONS = DEBUG;
				SWIFT_OPTIMIZATION_LEVEL = "-Onone";
			};
			name = Debug;
		};
		A1C6622A2196818300826A2B /* Release */ = {
			isa = XCBuildConfiguration;
			buildSettings = {
				ALWAYS_SEARCH_USER_PATHS = NO;
				CLANG_ANALYZER_NONNULL = YES;
				CLANG_ANALYZER_NUMBER_OBJECT_CONVERSION = YES_AGGRESSIVE;
				CLANG_CXX_LANGUAGE_STANDARD = "gnu++14";
				CLANG_CXX_LIBRARY = "libc++";
				CLANG_ENABLE_MODULES = YES;
				CLANG_ENABLE_OBJC_ARC = YES;
				CLANG_ENABLE_OBJC_WEAK = YES;
				CLANG_WARN_BLOCK_CAPTURE_AUTORELEASING = YES;
				CLANG_WARN_BOOL_CONVERSION = YES;
				CLANG_WARN_COMMA = YES;
				CLANG_WARN_CONSTANT_CONVERSION = YES;
				CLANG_WARN_DEPRECATED_OBJC_IMPLEMENTATIONS = YES;
				CLANG_WARN_DIRECT_OBJC_ISA_USAGE = YES_ERROR;
				CLANG_WARN_DOCUMENTATION_COMMENTS = YES;
				CLANG_WARN_EMPTY_BODY = YES;
				CLANG_WARN_ENUM_CONVERSION = YES;
				CLANG_WARN_INFINITE_RECURSION = YES;
				CLANG_WARN_INT_CONVERSION = YES;
				CLANG_WARN_NON_LITERAL_NULL_CONVERSION = YES;
				CLANG_WARN_OBJC_IMPLICIT_RETAIN_SELF = YES;
				CLANG_WARN_OBJC_LITERAL_CONVERSION = YES;
				CLANG_WARN_OBJC_ROOT_CLASS = YES_ERROR;
				CLANG_WARN_RANGE_LOOP_ANALYSIS = YES;
				CLANG_WARN_STRICT_PROTOTYPES = YES;
				CLANG_WARN_SUSPICIOUS_MOVE = YES;
				CLANG_WARN_UNGUARDED_AVAILABILITY = YES_AGGRESSIVE;
				CLANG_WARN_UNREACHABLE_CODE = YES;
				CLANG_WARN__DUPLICATE_METHOD_MATCH = YES;
				CODE_SIGN_IDENTITY = "iPhone Developer";
				COPY_PHASE_STRIP = NO;
				DEBUG_INFORMATION_FORMAT = "dwarf-with-dsym";
				ENABLE_NS_ASSERTIONS = NO;
				ENABLE_STRICT_OBJC_MSGSEND = YES;
				GCC_C_LANGUAGE_STANDARD = gnu11;
				GCC_NO_COMMON_BLOCKS = YES;
				GCC_WARN_64_TO_32_BIT_CONVERSION = YES;
				GCC_WARN_ABOUT_RETURN_TYPE = YES_ERROR;
				GCC_WARN_UNDECLARED_SELECTOR = YES;
				GCC_WARN_UNINITIALIZED_AUTOS = YES_AGGRESSIVE;
				GCC_WARN_UNUSED_FUNCTION = YES;
				GCC_WARN_UNUSED_VARIABLE = YES;
				IPHONEOS_DEPLOYMENT_TARGET = 12.0;
				MTL_ENABLE_DEBUG_INFO = NO;
				MTL_FAST_MATH = YES;
				SDKROOT = iphoneos;
				SWIFT_COMPILATION_MODE = wholemodule;
				SWIFT_OPTIMIZATION_LEVEL = "-O";
				VALIDATE_PRODUCT = YES;
			};
			name = Release;
		};
		A1C6622C2196818300826A2B /* Debug */ = {
			isa = XCBuildConfiguration;
			baseConfigurationReference = 08FBAE88B5103E03654DA7F2 /* Pods-CIFilter.io.debug.xcconfig */;
			buildSettings = {
				ASSETCATALOG_COMPILER_APPICON_NAME = AppIcon;
				CODE_SIGN_STYLE = Automatic;
				DEVELOPMENT_TEAM = 29P3YRFLV5;
				INFOPLIST_FILE = CIFilter.io/Info.plist;
				LD_RUNPATH_SEARCH_PATHS = (
					"$(inherited)",
					"@executable_path/Frameworks",
				);
				PRODUCT_BUNDLE_IDENTIFIER = "com.noahgilmore.CIFilter-io";
				PRODUCT_NAME = "$(TARGET_NAME)";
				SWIFT_VERSION = 4.2;
				TARGETED_DEVICE_FAMILY = "1,2";
			};
			name = Debug;
		};
		A1C6622D2196818300826A2B /* Release */ = {
			isa = XCBuildConfiguration;
			baseConfigurationReference = F97FF4CF0C09C59DFDF3D2A3 /* Pods-CIFilter.io.release.xcconfig */;
			buildSettings = {
				ASSETCATALOG_COMPILER_APPICON_NAME = AppIcon;
				CODE_SIGN_STYLE = Automatic;
				DEVELOPMENT_TEAM = 29P3YRFLV5;
				INFOPLIST_FILE = CIFilter.io/Info.plist;
				LD_RUNPATH_SEARCH_PATHS = (
					"$(inherited)",
					"@executable_path/Frameworks",
				);
				PRODUCT_BUNDLE_IDENTIFIER = "com.noahgilmore.CIFilter-io";
				PRODUCT_NAME = "$(TARGET_NAME)";
				SWIFT_VERSION = 4.2;
				TARGETED_DEVICE_FAMILY = "1,2";
			};
			name = Release;
		};
/* End XCBuildConfiguration section */

/* Begin XCConfigurationList section */
		A1C662142196818100826A2B /* Build configuration list for PBXProject "CIFilter.io" */ = {
			isa = XCConfigurationList;
			buildConfigurations = (
				A1C662292196818300826A2B /* Debug */,
				A1C6622A2196818300826A2B /* Release */,
			);
			defaultConfigurationIsVisible = 0;
			defaultConfigurationName = Release;
		};
		A1C6622B2196818300826A2B /* Build configuration list for PBXNativeTarget "CIFilter.io" */ = {
			isa = XCConfigurationList;
			buildConfigurations = (
				A1C6622C2196818300826A2B /* Debug */,
				A1C6622D2196818300826A2B /* Release */,
			);
			defaultConfigurationIsVisible = 0;
			defaultConfigurationName = Release;
		};
/* End XCConfigurationList section */
	};
	rootObject = A1C662112196818100826A2B /* Project object */;
}
